// !$*UTF8*$!
{
	archiveVersion = 1;
	classes = {
	};
	objectVersion = 46;
	objects = {

/* Begin PBXBuildFile section */
		402F64B11AE0540400B6FAC3 /* main.m in Sources */ = {isa = PBXBuildFile; fileRef = 402F64B01AE0540400B6FAC3 /* main.m */; };
		402F64B41AE0540400B6FAC3 /* AppDelegate.m in Sources */ = {isa = PBXBuildFile; fileRef = 402F64B31AE0540400B6FAC3 /* AppDelegate.m */; };
		402F64B71AE0540400B6FAC3 /* FirstViewController.mm in Sources */ = {isa = PBXBuildFile; fileRef = 402F64B61AE0540400B6FAC3 /* FirstViewController.mm */; };
		402F64BA1AE0540400B6FAC3 /* SecondViewController.mm in Sources */ = {isa = PBXBuildFile; fileRef = 402F64B91AE0540400B6FAC3 /* SecondViewController.mm */; };
		402F64BD1AE0540400B6FAC3 /* Main.storyboard in Resources */ = {isa = PBXBuildFile; fileRef = 402F64BB1AE0540400B6FAC3 /* Main.storyboard */; };
		402F64BF1AE0540400B6FAC3 /* Images.xcassets in Resources */ = {isa = PBXBuildFile; fileRef = 402F64BE1AE0540400B6FAC3 /* Images.xcassets */; };
		402F64C21AE0540400B6FAC3 /* LaunchScreen.xib in Resources */ = {isa = PBXBuildFile; fileRef = 402F64C01AE0540400B6FAC3 /* LaunchScreen.xib */; };
		402F64CE1AE0540400B6FAC3 /* Smarter_LockTests.m in Sources */ = {isa = PBXBuildFile; fileRef = 402F64CD1AE0540400B6FAC3 /* Smarter_LockTests.m */; };
		40585B2D1AE86180009D5C51 /* Communicator.mm in Sources */ = {isa = PBXBuildFile; fileRef = 40585B2C1AE86180009D5C51 /* Communicator.mm */; };
		40585B391AE87CA0009D5C51 /* CommunicatorTest.mm in Sources */ = {isa = PBXBuildFile; fileRef = 40585B381AE87CA0009D5C51 /* CommunicatorTest.mm */; };
		40585B3F1AF2CB40009D5C51 /* Authenticator.m in Sources */ = {isa = PBXBuildFile; fileRef = 40585B3E1AF2CB40009D5C51 /* Authenticator.m */; };
		E82837D81AF1E00E00F22F2F /* MonitorController.mm in Sources */ = {isa = PBXBuildFile; fileRef = E82837D71AF1E00E00F22F2F /* MonitorController.mm */; };
		E84168CE1AE8A40700BB1897 /* CommandPacket.cpp in Sources */ = {isa = PBXBuildFile; fileRef = E84168CC1AE8A40700BB1897 /* CommandPacket.cpp */; };
		E84168D11AE8A64B00BB1897 /* PasscodePacket.cpp in Sources */ = {isa = PBXBuildFile; fileRef = E84168CF1AE8A64B00BB1897 /* PasscodePacket.cpp */; };
		E84168D71AE8B65E00BB1897 /* PacketAssembler.cpp in Sources */ = {isa = PBXBuildFile; fileRef = E84168D51AE8B65E00BB1897 /* PacketAssembler.cpp */; };
		E84F827B1AF70EED00638336 /* SimplePacket.cpp in Sources */ = {isa = PBXBuildFile; fileRef = E84F82791AF70EED00638336 /* SimplePacket.cpp */; };
		E84F827C1AF714CA00638336 /* SimplePacket.cpp in Sources */ = {isa = PBXBuildFile; fileRef = E84F82791AF70EED00638336 /* SimplePacket.cpp */; };
		E851928F1B0462450016BCCD /* GPIO.cpp in Sources */ = {isa = PBXBuildFile; fileRef = E851928D1B0462450016BCCD /* GPIO.cpp */; };
		E85BCFDF1AF6D961007AFB83 /* LICENSE in Resources */ = {isa = PBXBuildFile; fileRef = E85BCF921AF6D961007AFB83 /* LICENSE */; };
		E85BCFE31AF6EE82007AFB83 /* libssl.dylib in Frameworks */ = {isa = PBXBuildFile; fileRef = E85BCFE21AF6EE82007AFB83 /* libssl.dylib */; };
		E85BCFE51AF6F284007AFB83 /* private.pem in Resources */ = {isa = PBXBuildFile; fileRef = E85BCFE41AF6F284007AFB83 /* private.pem */; };
		E85BCFE91AF6F3CA007AFB83 /* libcrypto.dylib in Frameworks */ = {isa = PBXBuildFile; fileRef = E85BCFE81AF6F3CA007AFB83 /* libcrypto.dylib */; };
		E85EE39E1AF0877400966C1A /* SettingsController.mm in Sources */ = {isa = PBXBuildFile; fileRef = E85EE39D1AF0877400966C1A /* SettingsController.mm */; };
		E85FD64B1AF97546005EE854 /* libssl.a in Frameworks */ = {isa = PBXBuildFile; fileRef = E85BCFE01AF6DAAA007AFB83 /* libssl.a */; };
		E85FD64C1AF97548005EE854 /* libcrypto.a in Frameworks */ = {isa = PBXBuildFile; fileRef = E85BCF8F1AF6D93A007AFB83 /* libcrypto.a */; };
		E8608DCE1AF33CF800CF2D9A /* main.cpp in Sources */ = {isa = PBXBuildFile; fileRef = E8608DCD1AF33CF800CF2D9A /* main.cpp */; };
		E8608DD71AF3432000CF2D9A /* libopencv_core.dylib in Frameworks */ = {isa = PBXBuildFile; fileRef = E8608DD61AF3432000CF2D9A /* libopencv_core.dylib */; };
		E8608DD91AF3435700CF2D9A /* libopencv_highgui.dylib in Frameworks */ = {isa = PBXBuildFile; fileRef = E8608DD81AF3435700CF2D9A /* libopencv_highgui.dylib */; };
		E8608DDB1AF3437A00CF2D9A /* libopencv_video.dylib in Frameworks */ = {isa = PBXBuildFile; fileRef = E8608DDA1AF3437A00CF2D9A /* libopencv_video.dylib */; };
		E8608DDE1AF34B1D00CF2D9A /* VideoFramePacket.cpp in Sources */ = {isa = PBXBuildFile; fileRef = E8608DDC1AF34B1D00CF2D9A /* VideoFramePacket.cpp */; };
		E8608DDF1AF34B1D00CF2D9A /* VideoFramePacket.cpp in Sources */ = {isa = PBXBuildFile; fileRef = E8608DDC1AF34B1D00CF2D9A /* VideoFramePacket.cpp */; };
		E8608DE21AF3534400CF2D9A /* UDPCommunicator.cpp in Sources */ = {isa = PBXBuildFile; fileRef = E8608DE01AF3534400CF2D9A /* UDPCommunicator.cpp */; };
		E8608DE31AF3534400CF2D9A /* UDPCommunicator.cpp in Sources */ = {isa = PBXBuildFile; fileRef = E8608DE01AF3534400CF2D9A /* UDPCommunicator.cpp */; };
		E8608DE41AF390DC00CF2D9A /* PacketAssembler.cpp in Sources */ = {isa = PBXBuildFile; fileRef = E84168D51AE8B65E00BB1897 /* PacketAssembler.cpp */; };
		E8608DE51AF390F300CF2D9A /* CommandPacket.cpp in Sources */ = {isa = PBXBuildFile; fileRef = E84168CC1AE8A40700BB1897 /* CommandPacket.cpp */; };
		E8608DE61AF390F300CF2D9A /* PasscodePacket.cpp in Sources */ = {isa = PBXBuildFile; fileRef = E84168CF1AE8A64B00BB1897 /* PasscodePacket.cpp */; };
		E8608DE91AF3929B00CF2D9A /* libopencv_imgproc.2.4.8.dylib in Frameworks */ = {isa = PBXBuildFile; fileRef = E8608DE71AF3926F00CF2D9A /* libopencv_imgproc.2.4.8.dylib */; };
		E86F7D501B0F2AB700BE8FB6 /* Helpers.cpp in Sources */ = {isa = PBXBuildFile; fileRef = E86F7D4E1B0F2AB700BE8FB6 /* Helpers.cpp */; };
		E86F7D531B0F2BF100BE8FB6 /* ServerThreads.cpp in Sources */ = {isa = PBXBuildFile; fileRef = E86F7D511B0F2BF100BE8FB6 /* ServerThreads.cpp */; };
		E89199071AE078E5009048E5 /* bitstream.c in Sources */ = {isa = PBXBuildFile; fileRef = E89198F71AE078E5009048E5 /* bitstream.c */; };
		E89199081AE078E5009048E5 /* mask.c in Sources */ = {isa = PBXBuildFile; fileRef = E89198F91AE078E5009048E5 /* mask.c */; };
		E89199091AE078E5009048E5 /* qrencode.c in Sources */ = {isa = PBXBuildFile; fileRef = E89198FB1AE078E5009048E5 /* qrencode.c */; };
		E891990A1AE078E5009048E5 /* qrinput.c in Sources */ = {isa = PBXBuildFile; fileRef = E89198FD1AE078E5009048E5 /* qrinput.c */; };
		E891990B1AE078E5009048E5 /* qrspec.c in Sources */ = {isa = PBXBuildFile; fileRef = E89198FF1AE078E5009048E5 /* qrspec.c */; };
		E891990C1AE078E5009048E5 /* rscode.c in Sources */ = {isa = PBXBuildFile; fileRef = E89199011AE078E5009048E5 /* rscode.c */; };
		E891990D1AE078E5009048E5 /* split.c in Sources */ = {isa = PBXBuildFile; fileRef = E89199031AE078E5009048E5 /* split.c */; };
		E891990E1AE078E5009048E5 /* UIImage+MDQRCode.m in Sources */ = {isa = PBXBuildFile; fileRef = E89199061AE078E5009048E5 /* UIImage+MDQRCode.m */; };
		E8FB2BA31AF5A2F00024DCAA /* TCPServer.cpp in Sources */ = {isa = PBXBuildFile; fileRef = E85D3A3E1AF58C750091D03B /* TCPServer.cpp */; };
		E8FB2BA81AF60CE30024DCAA /* ThreadPool.cpp in Sources */ = {isa = PBXBuildFile; fileRef = E8FB2BA51AF601530024DCAA /* ThreadPool.cpp */; };
/* End PBXBuildFile section */

/* Begin PBXContainerItemProxy section */
		402F64C81AE0540400B6FAC3 /* PBXContainerItemProxy */ = {
			isa = PBXContainerItemProxy;
			containerPortal = 402F64A31AE0540400B6FAC3 /* Project object */;
			proxyType = 1;
			remoteGlobalIDString = 402F64AA1AE0540400B6FAC3;
			remoteInfo = "Smarter Lock";
		};
/* End PBXContainerItemProxy section */

/* Begin PBXCopyFilesBuildPhase section */
		E8608DC91AF33CF800CF2D9A /* CopyFiles */ = {
			isa = PBXCopyFilesBuildPhase;
			buildActionMask = 2147483647;
			dstPath = /usr/share/man/man1/;
			dstSubfolderSpec = 0;
			files = (
			);
			runOnlyForDeploymentPostprocessing = 1;
		};
/* End PBXCopyFilesBuildPhase section */

/* Begin PBXFileReference section */
		402F64AB1AE0540400B6FAC3 /* Smarter Lock.app */ = {isa = PBXFileReference; explicitFileType = wrapper.application; includeInIndex = 0; path = "Smarter Lock.app"; sourceTree = BUILT_PRODUCTS_DIR; };
		402F64AF1AE0540400B6FAC3 /* Info.plist */ = {isa = PBXFileReference; lastKnownFileType = text.plist.xml; path = Info.plist; sourceTree = "<group>"; };
		402F64B01AE0540400B6FAC3 /* main.m */ = {isa = PBXFileReference; lastKnownFileType = sourcecode.c.objc; path = main.m; sourceTree = "<group>"; };
		402F64B21AE0540400B6FAC3 /* AppDelegate.h */ = {isa = PBXFileReference; lastKnownFileType = sourcecode.c.h; path = AppDelegate.h; sourceTree = "<group>"; };
		402F64B31AE0540400B6FAC3 /* AppDelegate.m */ = {isa = PBXFileReference; lastKnownFileType = sourcecode.c.objc; path = AppDelegate.m; sourceTree = "<group>"; };
		402F64B51AE0540400B6FAC3 /* FirstViewController.h */ = {isa = PBXFileReference; lastKnownFileType = sourcecode.c.h; path = FirstViewController.h; sourceTree = "<group>"; };
		402F64B61AE0540400B6FAC3 /* FirstViewController.mm */ = {isa = PBXFileReference; lastKnownFileType = sourcecode.cpp.objcpp; path = FirstViewController.mm; sourceTree = "<group>"; };
		402F64B81AE0540400B6FAC3 /* SecondViewController.h */ = {isa = PBXFileReference; lastKnownFileType = sourcecode.c.h; path = SecondViewController.h; sourceTree = "<group>"; };
		402F64B91AE0540400B6FAC3 /* SecondViewController.mm */ = {isa = PBXFileReference; lastKnownFileType = sourcecode.cpp.objcpp; path = SecondViewController.mm; sourceTree = "<group>"; };
		402F64BC1AE0540400B6FAC3 /* Base */ = {isa = PBXFileReference; lastKnownFileType = file.storyboard; name = Base; path = Base.lproj/Main.storyboard; sourceTree = "<group>"; };
		402F64BE1AE0540400B6FAC3 /* Images.xcassets */ = {isa = PBXFileReference; lastKnownFileType = folder.assetcatalog; path = Images.xcassets; sourceTree = "<group>"; };
		402F64C11AE0540400B6FAC3 /* Base */ = {isa = PBXFileReference; lastKnownFileType = file.xib; name = Base; path = Base.lproj/LaunchScreen.xib; sourceTree = "<group>"; };
		402F64C71AE0540400B6FAC3 /* Smarter LockTests.xctest */ = {isa = PBXFileReference; explicitFileType = wrapper.cfbundle; includeInIndex = 0; path = "Smarter LockTests.xctest"; sourceTree = BUILT_PRODUCTS_DIR; };
		402F64CC1AE0540400B6FAC3 /* Info.plist */ = {isa = PBXFileReference; lastKnownFileType = text.plist.xml; path = Info.plist; sourceTree = "<group>"; };
		402F64CD1AE0540400B6FAC3 /* Smarter_LockTests.m */ = {isa = PBXFileReference; lastKnownFileType = sourcecode.c.objc; path = Smarter_LockTests.m; sourceTree = "<group>"; };
		40585B2B1AE86180009D5C51 /* Communicator.h */ = {isa = PBXFileReference; fileEncoding = 4; lastKnownFileType = sourcecode.c.h; path = Communicator.h; sourceTree = "<group>"; };
		40585B2C1AE86180009D5C51 /* Communicator.mm */ = {isa = PBXFileReference; fileEncoding = 4; lastKnownFileType = sourcecode.cpp.objcpp; path = Communicator.mm; sourceTree = "<group>"; };
		40585B381AE87CA0009D5C51 /* CommunicatorTest.mm */ = {isa = PBXFileReference; fileEncoding = 4; lastKnownFileType = sourcecode.cpp.objcpp; path = CommunicatorTest.mm; sourceTree = "<group>"; };
		40585B3D1AF2CB40009D5C51 /* Authenticator.h */ = {isa = PBXFileReference; fileEncoding = 4; lastKnownFileType = sourcecode.c.h; path = Authenticator.h; sourceTree = "<group>"; };
		40585B3E1AF2CB40009D5C51 /* Authenticator.m */ = {isa = PBXFileReference; fileEncoding = 4; lastKnownFileType = sourcecode.c.objc; path = Authenticator.m; sourceTree = "<group>"; };
		E82837D61AF1E00E00F22F2F /* MonitorController.h */ = {isa = PBXFileReference; fileEncoding = 4; lastKnownFileType = sourcecode.c.h; path = MonitorController.h; sourceTree = "<group>"; };
		E82837D71AF1E00E00F22F2F /* MonitorController.mm */ = {isa = PBXFileReference; fileEncoding = 4; lastKnownFileType = sourcecode.cpp.objcpp; path = MonitorController.mm; sourceTree = "<group>"; };
		E84168CA1AE8A38800BB1897 /* Packet.h */ = {isa = PBXFileReference; explicitFileType = sourcecode.cpp.h; fileEncoding = 4; name = Packet.h; path = ../Packet.h; sourceTree = "<group>"; };
		E84168CC1AE8A40700BB1897 /* CommandPacket.cpp */ = {isa = PBXFileReference; fileEncoding = 4; lastKnownFileType = sourcecode.cpp.cpp; name = CommandPacket.cpp; path = ../CommandPacket.cpp; sourceTree = "<group>"; };
		E84168CD1AE8A40700BB1897 /* CommandPacket.h */ = {isa = PBXFileReference; fileEncoding = 4; lastKnownFileType = sourcecode.c.h; name = CommandPacket.h; path = ../CommandPacket.h; sourceTree = "<group>"; };
		E84168CF1AE8A64B00BB1897 /* PasscodePacket.cpp */ = {isa = PBXFileReference; fileEncoding = 4; lastKnownFileType = sourcecode.cpp.cpp; name = PasscodePacket.cpp; path = ../PasscodePacket.cpp; sourceTree = "<group>"; };
		E84168D01AE8A64B00BB1897 /* PasscodePacket.h */ = {isa = PBXFileReference; fileEncoding = 4; lastKnownFileType = sourcecode.c.h; name = PasscodePacket.h; path = ../PasscodePacket.h; sourceTree = "<group>"; };
		E84168D51AE8B65E00BB1897 /* PacketAssembler.cpp */ = {isa = PBXFileReference; fileEncoding = 4; lastKnownFileType = sourcecode.cpp.cpp; name = PacketAssembler.cpp; path = ../PacketAssembler.cpp; sourceTree = "<group>"; };
		E84168D61AE8B65E00BB1897 /* PacketAssembler.h */ = {isa = PBXFileReference; fileEncoding = 4; lastKnownFileType = sourcecode.c.h; name = PacketAssembler.h; path = ../PacketAssembler.h; sourceTree = "<group>"; };
		E84F82791AF70EED00638336 /* SimplePacket.cpp */ = {isa = PBXFileReference; fileEncoding = 4; lastKnownFileType = sourcecode.cpp.cpp; name = SimplePacket.cpp; path = ../SimplePacket.cpp; sourceTree = "<group>"; };
		E84F827A1AF70EED00638336 /* SimplePacket.h */ = {isa = PBXFileReference; fileEncoding = 4; lastKnownFileType = sourcecode.c.h; name = SimplePacket.h; path = ../SimplePacket.h; sourceTree = "<group>"; };
		E851928D1B0462450016BCCD /* GPIO.cpp */ = {isa = PBXFileReference; fileEncoding = 4; lastKnownFileType = sourcecode.cpp.cpp; path = GPIO.cpp; sourceTree = "<group>"; };
		E851928E1B0462450016BCCD /* GPIO.h */ = {isa = PBXFileReference; fileEncoding = 4; lastKnownFileType = sourcecode.c.h; path = GPIO.h; sourceTree = "<group>"; };
		E85BCF8F1AF6D93A007AFB83 /* libcrypto.a */ = {isa = PBXFileReference; lastKnownFileType = archive.ar; path = libcrypto.a; sourceTree = "<group>"; };
		E85BCF921AF6D961007AFB83 /* LICENSE */ = {isa = PBXFileReference; fileEncoding = 4; lastKnownFileType = text; path = LICENSE; sourceTree = "<group>"; };
		E85BCF941AF6D961007AFB83 /* aes.h */ = {isa = PBXFileReference; fileEncoding = 4; lastKnownFileType = sourcecode.c.h; path = aes.h; sourceTree = "<group>"; };
		E85BCF951AF6D961007AFB83 /* asn1.h */ = {isa = PBXFileReference; fileEncoding = 4; lastKnownFileType = sourcecode.c.h; path = asn1.h; sourceTree = "<group>"; };
		E85BCF961AF6D961007AFB83 /* asn1_mac.h */ = {isa = PBXFileReference; fileEncoding = 4; lastKnownFileType = sourcecode.c.h; path = asn1_mac.h; sourceTree = "<group>"; };
		E85BCF971AF6D961007AFB83 /* asn1t.h */ = {isa = PBXFileReference; fileEncoding = 4; lastKnownFileType = sourcecode.c.h; path = asn1t.h; sourceTree = "<group>"; };
		E85BCF981AF6D961007AFB83 /* bio.h */ = {isa = PBXFileReference; fileEncoding = 4; lastKnownFileType = sourcecode.c.h; path = bio.h; sourceTree = "<group>"; };
		E85BCF991AF6D961007AFB83 /* blowfish.h */ = {isa = PBXFileReference; fileEncoding = 4; lastKnownFileType = sourcecode.c.h; path = blowfish.h; sourceTree = "<group>"; };
		E85BCF9A1AF6D961007AFB83 /* bn.h */ = {isa = PBXFileReference; fileEncoding = 4; lastKnownFileType = sourcecode.c.h; path = bn.h; sourceTree = "<group>"; };
		E85BCF9B1AF6D961007AFB83 /* buffer.h */ = {isa = PBXFileReference; fileEncoding = 4; lastKnownFileType = sourcecode.c.h; path = buffer.h; sourceTree = "<group>"; };
		E85BCF9C1AF6D961007AFB83 /* camellia.h */ = {isa = PBXFileReference; fileEncoding = 4; lastKnownFileType = sourcecode.c.h; path = camellia.h; sourceTree = "<group>"; };
		E85BCF9D1AF6D961007AFB83 /* cast.h */ = {isa = PBXFileReference; fileEncoding = 4; lastKnownFileType = sourcecode.c.h; path = cast.h; sourceTree = "<group>"; };
		E85BCF9E1AF6D961007AFB83 /* cmac.h */ = {isa = PBXFileReference; fileEncoding = 4; lastKnownFileType = sourcecode.c.h; path = cmac.h; sourceTree = "<group>"; };
		E85BCF9F1AF6D961007AFB83 /* cms.h */ = {isa = PBXFileReference; fileEncoding = 4; lastKnownFileType = sourcecode.c.h; path = cms.h; sourceTree = "<group>"; };
		E85BCFA01AF6D961007AFB83 /* comp.h */ = {isa = PBXFileReference; fileEncoding = 4; lastKnownFileType = sourcecode.c.h; path = comp.h; sourceTree = "<group>"; };
		E85BCFA11AF6D961007AFB83 /* conf.h */ = {isa = PBXFileReference; fileEncoding = 4; lastKnownFileType = sourcecode.c.h; path = conf.h; sourceTree = "<group>"; };
		E85BCFA21AF6D961007AFB83 /* conf_api.h */ = {isa = PBXFileReference; fileEncoding = 4; lastKnownFileType = sourcecode.c.h; path = conf_api.h; sourceTree = "<group>"; };
		E85BCFA31AF6D961007AFB83 /* crypto.h */ = {isa = PBXFileReference; fileEncoding = 4; lastKnownFileType = sourcecode.c.h; path = crypto.h; sourceTree = "<group>"; };
		E85BCFA41AF6D961007AFB83 /* des.h */ = {isa = PBXFileReference; fileEncoding = 4; lastKnownFileType = sourcecode.c.h; path = des.h; sourceTree = "<group>"; };
		E85BCFA51AF6D961007AFB83 /* des_old.h */ = {isa = PBXFileReference; fileEncoding = 4; lastKnownFileType = sourcecode.c.h; path = des_old.h; sourceTree = "<group>"; };
		E85BCFA61AF6D961007AFB83 /* dh.h */ = {isa = PBXFileReference; fileEncoding = 4; lastKnownFileType = sourcecode.c.h; path = dh.h; sourceTree = "<group>"; };
		E85BCFA71AF6D961007AFB83 /* dsa.h */ = {isa = PBXFileReference; fileEncoding = 4; lastKnownFileType = sourcecode.c.h; path = dsa.h; sourceTree = "<group>"; };
		E85BCFA81AF6D961007AFB83 /* dso.h */ = {isa = PBXFileReference; fileEncoding = 4; lastKnownFileType = sourcecode.c.h; path = dso.h; sourceTree = "<group>"; };
		E85BCFA91AF6D961007AFB83 /* dtls1.h */ = {isa = PBXFileReference; fileEncoding = 4; lastKnownFileType = sourcecode.c.h; path = dtls1.h; sourceTree = "<group>"; };
		E85BCFAA1AF6D961007AFB83 /* e_os2.h */ = {isa = PBXFileReference; fileEncoding = 4; lastKnownFileType = sourcecode.c.h; path = e_os2.h; sourceTree = "<group>"; };
		E85BCFAB1AF6D961007AFB83 /* ebcdic.h */ = {isa = PBXFileReference; fileEncoding = 4; lastKnownFileType = sourcecode.c.h; path = ebcdic.h; sourceTree = "<group>"; };
		E85BCFAC1AF6D961007AFB83 /* ec.h */ = {isa = PBXFileReference; fileEncoding = 4; lastKnownFileType = sourcecode.c.h; path = ec.h; sourceTree = "<group>"; };
		E85BCFAD1AF6D961007AFB83 /* ecdh.h */ = {isa = PBXFileReference; fileEncoding = 4; lastKnownFileType = sourcecode.c.h; path = ecdh.h; sourceTree = "<group>"; };
		E85BCFAE1AF6D961007AFB83 /* ecdsa.h */ = {isa = PBXFileReference; fileEncoding = 4; lastKnownFileType = sourcecode.c.h; path = ecdsa.h; sourceTree = "<group>"; };
		E85BCFAF1AF6D961007AFB83 /* engine.h */ = {isa = PBXFileReference; fileEncoding = 4; lastKnownFileType = sourcecode.c.h; path = engine.h; sourceTree = "<group>"; };
		E85BCFB01AF6D961007AFB83 /* err.h */ = {isa = PBXFileReference; fileEncoding = 4; lastKnownFileType = sourcecode.c.h; path = err.h; sourceTree = "<group>"; };
		E85BCFB11AF6D961007AFB83 /* evp.h */ = {isa = PBXFileReference; fileEncoding = 4; lastKnownFileType = sourcecode.c.h; path = evp.h; sourceTree = "<group>"; };
		E85BCFB21AF6D961007AFB83 /* hmac.h */ = {isa = PBXFileReference; fileEncoding = 4; lastKnownFileType = sourcecode.c.h; path = hmac.h; sourceTree = "<group>"; };
		E85BCFB31AF6D961007AFB83 /* idea.h */ = {isa = PBXFileReference; fileEncoding = 4; lastKnownFileType = sourcecode.c.h; path = idea.h; sourceTree = "<group>"; };
		E85BCFB41AF6D961007AFB83 /* krb5_asn.h */ = {isa = PBXFileReference; fileEncoding = 4; lastKnownFileType = sourcecode.c.h; path = krb5_asn.h; sourceTree = "<group>"; };
		E85BCFB51AF6D961007AFB83 /* kssl.h */ = {isa = PBXFileReference; fileEncoding = 4; lastKnownFileType = sourcecode.c.h; path = kssl.h; sourceTree = "<group>"; };
		E85BCFB61AF6D961007AFB83 /* lhash.h */ = {isa = PBXFileReference; fileEncoding = 4; lastKnownFileType = sourcecode.c.h; path = lhash.h; sourceTree = "<group>"; };
		E85BCFB71AF6D961007AFB83 /* md4.h */ = {isa = PBXFileReference; fileEncoding = 4; lastKnownFileType = sourcecode.c.h; path = md4.h; sourceTree = "<group>"; };
		E85BCFB81AF6D961007AFB83 /* md5.h */ = {isa = PBXFileReference; fileEncoding = 4; lastKnownFileType = sourcecode.c.h; path = md5.h; sourceTree = "<group>"; };
		E85BCFB91AF6D961007AFB83 /* mdc2.h */ = {isa = PBXFileReference; fileEncoding = 4; lastKnownFileType = sourcecode.c.h; path = mdc2.h; sourceTree = "<group>"; };
		E85BCFBA1AF6D961007AFB83 /* modes.h */ = {isa = PBXFileReference; fileEncoding = 4; lastKnownFileType = sourcecode.c.h; path = modes.h; sourceTree = "<group>"; };
		E85BCFBB1AF6D961007AFB83 /* obj_mac.h */ = {isa = PBXFileReference; fileEncoding = 4; lastKnownFileType = sourcecode.c.h; path = obj_mac.h; sourceTree = "<group>"; };
		E85BCFBC1AF6D961007AFB83 /* objects.h */ = {isa = PBXFileReference; fileEncoding = 4; lastKnownFileType = sourcecode.c.h; path = objects.h; sourceTree = "<group>"; };
		E85BCFBD1AF6D961007AFB83 /* ocsp.h */ = {isa = PBXFileReference; fileEncoding = 4; lastKnownFileType = sourcecode.c.h; path = ocsp.h; sourceTree = "<group>"; };
		E85BCFBE1AF6D961007AFB83 /* opensslconf.h */ = {isa = PBXFileReference; fileEncoding = 4; lastKnownFileType = sourcecode.c.h; path = opensslconf.h; sourceTree = "<group>"; };
		E85BCFBF1AF6D961007AFB83 /* opensslv.h */ = {isa = PBXFileReference; fileEncoding = 4; lastKnownFileType = sourcecode.c.h; path = opensslv.h; sourceTree = "<group>"; };
		E85BCFC01AF6D961007AFB83 /* ossl_typ.h */ = {isa = PBXFileReference; fileEncoding = 4; lastKnownFileType = sourcecode.c.h; path = ossl_typ.h; sourceTree = "<group>"; };
		E85BCFC11AF6D961007AFB83 /* pem.h */ = {isa = PBXFileReference; fileEncoding = 4; lastKnownFileType = sourcecode.c.h; path = pem.h; sourceTree = "<group>"; };
		E85BCFC21AF6D961007AFB83 /* pem2.h */ = {isa = PBXFileReference; fileEncoding = 4; lastKnownFileType = sourcecode.c.h; path = pem2.h; sourceTree = "<group>"; };
		E85BCFC31AF6D961007AFB83 /* pkcs12.h */ = {isa = PBXFileReference; fileEncoding = 4; lastKnownFileType = sourcecode.c.h; path = pkcs12.h; sourceTree = "<group>"; };
		E85BCFC41AF6D961007AFB83 /* pkcs7.h */ = {isa = PBXFileReference; fileEncoding = 4; lastKnownFileType = sourcecode.c.h; path = pkcs7.h; sourceTree = "<group>"; };
		E85BCFC51AF6D961007AFB83 /* pqueue.h */ = {isa = PBXFileReference; fileEncoding = 4; lastKnownFileType = sourcecode.c.h; path = pqueue.h; sourceTree = "<group>"; };
		E85BCFC61AF6D961007AFB83 /* rand.h */ = {isa = PBXFileReference; fileEncoding = 4; lastKnownFileType = sourcecode.c.h; path = rand.h; sourceTree = "<group>"; };
		E85BCFC71AF6D961007AFB83 /* rc2.h */ = {isa = PBXFileReference; fileEncoding = 4; lastKnownFileType = sourcecode.c.h; path = rc2.h; sourceTree = "<group>"; };
		E85BCFC81AF6D961007AFB83 /* rc4.h */ = {isa = PBXFileReference; fileEncoding = 4; lastKnownFileType = sourcecode.c.h; path = rc4.h; sourceTree = "<group>"; };
		E85BCFC91AF6D961007AFB83 /* ripemd.h */ = {isa = PBXFileReference; fileEncoding = 4; lastKnownFileType = sourcecode.c.h; path = ripemd.h; sourceTree = "<group>"; };
		E85BCFCA1AF6D961007AFB83 /* rsa.h */ = {isa = PBXFileReference; fileEncoding = 4; lastKnownFileType = sourcecode.c.h; path = rsa.h; sourceTree = "<group>"; };
		E85BCFCB1AF6D961007AFB83 /* safestack.h */ = {isa = PBXFileReference; fileEncoding = 4; lastKnownFileType = sourcecode.c.h; path = safestack.h; sourceTree = "<group>"; };
		E85BCFCC1AF6D961007AFB83 /* seed.h */ = {isa = PBXFileReference; fileEncoding = 4; lastKnownFileType = sourcecode.c.h; path = seed.h; sourceTree = "<group>"; };
		E85BCFCD1AF6D961007AFB83 /* sha.h */ = {isa = PBXFileReference; fileEncoding = 4; lastKnownFileType = sourcecode.c.h; path = sha.h; sourceTree = "<group>"; };
		E85BCFCE1AF6D961007AFB83 /* srp.h */ = {isa = PBXFileReference; fileEncoding = 4; lastKnownFileType = sourcecode.c.h; path = srp.h; sourceTree = "<group>"; };
		E85BCFCF1AF6D961007AFB83 /* srtp.h */ = {isa = PBXFileReference; fileEncoding = 4; lastKnownFileType = sourcecode.c.h; path = srtp.h; sourceTree = "<group>"; };
		E85BCFD01AF6D961007AFB83 /* ssl.h */ = {isa = PBXFileReference; fileEncoding = 4; lastKnownFileType = sourcecode.c.h; path = ssl.h; sourceTree = "<group>"; };
		E85BCFD11AF6D961007AFB83 /* ssl2.h */ = {isa = PBXFileReference; fileEncoding = 4; lastKnownFileType = sourcecode.c.h; path = ssl2.h; sourceTree = "<group>"; };
		E85BCFD21AF6D961007AFB83 /* ssl23.h */ = {isa = PBXFileReference; fileEncoding = 4; lastKnownFileType = sourcecode.c.h; path = ssl23.h; sourceTree = "<group>"; };
		E85BCFD31AF6D961007AFB83 /* ssl3.h */ = {isa = PBXFileReference; fileEncoding = 4; lastKnownFileType = sourcecode.c.h; path = ssl3.h; sourceTree = "<group>"; };
		E85BCFD41AF6D961007AFB83 /* stack.h */ = {isa = PBXFileReference; fileEncoding = 4; lastKnownFileType = sourcecode.c.h; path = stack.h; sourceTree = "<group>"; };
		E85BCFD51AF6D961007AFB83 /* symhacks.h */ = {isa = PBXFileReference; fileEncoding = 4; lastKnownFileType = sourcecode.c.h; path = symhacks.h; sourceTree = "<group>"; };
		E85BCFD61AF6D961007AFB83 /* tls1.h */ = {isa = PBXFileReference; fileEncoding = 4; lastKnownFileType = sourcecode.c.h; path = tls1.h; sourceTree = "<group>"; };
		E85BCFD71AF6D961007AFB83 /* ts.h */ = {isa = PBXFileReference; fileEncoding = 4; lastKnownFileType = sourcecode.c.h; path = ts.h; sourceTree = "<group>"; };
		E85BCFD81AF6D961007AFB83 /* txt_db.h */ = {isa = PBXFileReference; fileEncoding = 4; lastKnownFileType = sourcecode.c.h; path = txt_db.h; sourceTree = "<group>"; };
		E85BCFD91AF6D961007AFB83 /* ui.h */ = {isa = PBXFileReference; fileEncoding = 4; lastKnownFileType = sourcecode.c.h; path = ui.h; sourceTree = "<group>"; };
		E85BCFDA1AF6D961007AFB83 /* ui_compat.h */ = {isa = PBXFileReference; fileEncoding = 4; lastKnownFileType = sourcecode.c.h; path = ui_compat.h; sourceTree = "<group>"; };
		E85BCFDB1AF6D961007AFB83 /* whrlpool.h */ = {isa = PBXFileReference; fileEncoding = 4; lastKnownFileType = sourcecode.c.h; path = whrlpool.h; sourceTree = "<group>"; };
		E85BCFDC1AF6D961007AFB83 /* x509.h */ = {isa = PBXFileReference; fileEncoding = 4; lastKnownFileType = sourcecode.c.h; path = x509.h; sourceTree = "<group>"; };
		E85BCFDD1AF6D961007AFB83 /* x509_vfy.h */ = {isa = PBXFileReference; fileEncoding = 4; lastKnownFileType = sourcecode.c.h; path = x509_vfy.h; sourceTree = "<group>"; };
		E85BCFDE1AF6D961007AFB83 /* x509v3.h */ = {isa = PBXFileReference; fileEncoding = 4; lastKnownFileType = sourcecode.c.h; path = x509v3.h; sourceTree = "<group>"; };
		E85BCFE01AF6DAAA007AFB83 /* libssl.a */ = {isa = PBXFileReference; lastKnownFileType = archive.ar; path = libssl.a; sourceTree = "<group>"; };
		E85BCFE21AF6EE82007AFB83 /* libssl.dylib */ = {isa = PBXFileReference; lastKnownFileType = "compiled.mach-o.dylib"; name = libssl.dylib; path = Platforms/MacOSX.platform/Developer/SDKs/MacOSX10.10.sdk/usr/lib/libssl.dylib; sourceTree = DEVELOPER_DIR; };
		E85BCFE41AF6F284007AFB83 /* private.pem */ = {isa = PBXFileReference; fileEncoding = 4; lastKnownFileType = text; path = private.pem; sourceTree = SOURCE_ROOT; };
		E85BCFE81AF6F3CA007AFB83 /* libcrypto.dylib */ = {isa = PBXFileReference; lastKnownFileType = "compiled.mach-o.dylib"; name = libcrypto.dylib; path = Platforms/MacOSX.platform/Developer/SDKs/MacOSX10.10.sdk/usr/lib/libcrypto.dylib; sourceTree = DEVELOPER_DIR; };
		E85D3A3E1AF58C750091D03B /* TCPServer.cpp */ = {isa = PBXFileReference; fileEncoding = 4; lastKnownFileType = sourcecode.cpp.cpp; path = TCPServer.cpp; sourceTree = "<group>"; };
		E85D3A3F1AF58C750091D03B /* TCPServer.h */ = {isa = PBXFileReference; fileEncoding = 4; lastKnownFileType = sourcecode.c.h; path = TCPServer.h; sourceTree = "<group>"; };
		E85EE39C1AF0877400966C1A /* SettingsController.h */ = {isa = PBXFileReference; fileEncoding = 4; lastKnownFileType = sourcecode.c.h; path = SettingsController.h; sourceTree = "<group>"; };
		E85EE39D1AF0877400966C1A /* SettingsController.mm */ = {isa = PBXFileReference; fileEncoding = 4; lastKnownFileType = sourcecode.cpp.objcpp; path = SettingsController.mm; sourceTree = "<group>"; };
		E8608DCB1AF33CF800CF2D9A /* Test Server */ = {isa = PBXFileReference; explicitFileType = "compiled.mach-o.executable"; includeInIndex = 0; path = "Test Server"; sourceTree = BUILT_PRODUCTS_DIR; };
		E8608DCD1AF33CF800CF2D9A /* main.cpp */ = {isa = PBXFileReference; lastKnownFileType = sourcecode.cpp.cpp; path = main.cpp; sourceTree = "<group>"; };
		E8608DD61AF3432000CF2D9A /* libopencv_core.dylib */ = {isa = PBXFileReference; lastKnownFileType = "compiled.mach-o.dylib"; name = libopencv_core.dylib; path = ../../../../../../../usr/local/lib/libopencv_core.dylib; sourceTree = "<group>"; };
		E8608DD81AF3435700CF2D9A /* libopencv_highgui.dylib */ = {isa = PBXFileReference; lastKnownFileType = "compiled.mach-o.dylib"; name = libopencv_highgui.dylib; path = ../../../../../../../usr/local/lib/libopencv_highgui.dylib; sourceTree = "<group>"; };
		E8608DDA1AF3437A00CF2D9A /* libopencv_video.dylib */ = {isa = PBXFileReference; lastKnownFileType = "compiled.mach-o.dylib"; name = libopencv_video.dylib; path = ../../../../../../../usr/local/lib/libopencv_video.dylib; sourceTree = "<group>"; };
		E8608DDC1AF34B1D00CF2D9A /* VideoFramePacket.cpp */ = {isa = PBXFileReference; fileEncoding = 4; lastKnownFileType = sourcecode.cpp.cpp; name = VideoFramePacket.cpp; path = ../VideoFramePacket.cpp; sourceTree = "<group>"; };
		E8608DDD1AF34B1D00CF2D9A /* VideoFramePacket.h */ = {isa = PBXFileReference; fileEncoding = 4; lastKnownFileType = sourcecode.c.h; name = VideoFramePacket.h; path = ../VideoFramePacket.h; sourceTree = "<group>"; };
		E8608DE01AF3534400CF2D9A /* UDPCommunicator.cpp */ = {isa = PBXFileReference; fileEncoding = 4; lastKnownFileType = sourcecode.cpp.cpp; path = UDPCommunicator.cpp; sourceTree = "<group>"; };
		E8608DE11AF3534400CF2D9A /* UDPCommunicator.h */ = {isa = PBXFileReference; fileEncoding = 4; lastKnownFileType = sourcecode.c.h; path = UDPCommunicator.h; sourceTree = "<group>"; };
		E8608DE71AF3926F00CF2D9A /* libopencv_imgproc.2.4.8.dylib */ = {isa = PBXFileReference; lastKnownFileType = "compiled.mach-o.dylib"; name = libopencv_imgproc.2.4.8.dylib; path = /usr/local/Cellar/opencv/2.4.8.2/lib/libopencv_imgproc.2.4.8.dylib; sourceTree = "<absolute>"; };
		E86A80401AFDC9270069E7CE /* CMakeLists.txt */ = {isa = PBXFileReference; fileEncoding = 4; lastKnownFileType = text; path = CMakeLists.txt; sourceTree = "<group>"; };
		E86F7D4E1B0F2AB700BE8FB6 /* Helpers.cpp */ = {isa = PBXFileReference; fileEncoding = 4; lastKnownFileType = sourcecode.cpp.cpp; path = Helpers.cpp; sourceTree = "<group>"; };
		E86F7D4F1B0F2AB700BE8FB6 /* Helpers.h */ = {isa = PBXFileReference; fileEncoding = 4; lastKnownFileType = sourcecode.c.h; path = Helpers.h; sourceTree = "<group>"; };
		E86F7D511B0F2BF100BE8FB6 /* ServerThreads.cpp */ = {isa = PBXFileReference; fileEncoding = 4; lastKnownFileType = sourcecode.cpp.cpp; path = ServerThreads.cpp; sourceTree = "<group>"; };
		E86F7D521B0F2BF100BE8FB6 /* ServerThreads.h */ = {isa = PBXFileReference; fileEncoding = 4; lastKnownFileType = sourcecode.c.h; path = ServerThreads.h; sourceTree = "<group>"; };
		E89198F71AE078E5009048E5 /* bitstream.c */ = {isa = PBXFileReference; fileEncoding = 4; lastKnownFileType = sourcecode.c.c; path = bitstream.c; sourceTree = "<group>"; };
		E89198F81AE078E5009048E5 /* bitstream.h */ = {isa = PBXFileReference; fileEncoding = 4; lastKnownFileType = sourcecode.c.h; path = bitstream.h; sourceTree = "<group>"; };
		E89198F91AE078E5009048E5 /* mask.c */ = {isa = PBXFileReference; fileEncoding = 4; lastKnownFileType = sourcecode.c.c; path = mask.c; sourceTree = "<group>"; };
		E89198FA1AE078E5009048E5 /* mask.h */ = {isa = PBXFileReference; fileEncoding = 4; lastKnownFileType = sourcecode.c.h; path = mask.h; sourceTree = "<group>"; };
		E89198FB1AE078E5009048E5 /* qrencode.c */ = {isa = PBXFileReference; fileEncoding = 4; lastKnownFileType = sourcecode.c.c; path = qrencode.c; sourceTree = "<group>"; };
		E89198FC1AE078E5009048E5 /* qrencode.h */ = {isa = PBXFileReference; fileEncoding = 4; lastKnownFileType = sourcecode.c.h; path = qrencode.h; sourceTree = "<group>"; };
		E89198FD1AE078E5009048E5 /* qrinput.c */ = {isa = PBXFileReference; fileEncoding = 4; lastKnownFileType = sourcecode.c.c; path = qrinput.c; sourceTree = "<group>"; };
		E89198FE1AE078E5009048E5 /* qrinput.h */ = {isa = PBXFileReference; fileEncoding = 4; lastKnownFileType = sourcecode.c.h; path = qrinput.h; sourceTree = "<group>"; };
		E89198FF1AE078E5009048E5 /* qrspec.c */ = {isa = PBXFileReference; fileEncoding = 4; lastKnownFileType = sourcecode.c.c; path = qrspec.c; sourceTree = "<group>"; };
		E89199001AE078E5009048E5 /* qrspec.h */ = {isa = PBXFileReference; fileEncoding = 4; lastKnownFileType = sourcecode.c.h; path = qrspec.h; sourceTree = "<group>"; };
		E89199011AE078E5009048E5 /* rscode.c */ = {isa = PBXFileReference; fileEncoding = 4; lastKnownFileType = sourcecode.c.c; path = rscode.c; sourceTree = "<group>"; };
		E89199021AE078E5009048E5 /* rscode.h */ = {isa = PBXFileReference; fileEncoding = 4; lastKnownFileType = sourcecode.c.h; path = rscode.h; sourceTree = "<group>"; };
		E89199031AE078E5009048E5 /* split.c */ = {isa = PBXFileReference; fileEncoding = 4; lastKnownFileType = sourcecode.c.c; path = split.c; sourceTree = "<group>"; };
		E89199041AE078E5009048E5 /* split.h */ = {isa = PBXFileReference; fileEncoding = 4; lastKnownFileType = sourcecode.c.h; path = split.h; sourceTree = "<group>"; };
		E89199051AE078E5009048E5 /* UIImage+MDQRCode.h */ = {isa = PBXFileReference; fileEncoding = 4; lastKnownFileType = sourcecode.c.h; path = "UIImage+MDQRCode.h"; sourceTree = "<group>"; };
		E89199061AE078E5009048E5 /* UIImage+MDQRCode.m */ = {isa = PBXFileReference; fileEncoding = 4; lastKnownFileType = sourcecode.c.objc; path = "UIImage+MDQRCode.m"; sourceTree = "<group>"; };
		E8FB2BA51AF601530024DCAA /* ThreadPool.cpp */ = {isa = PBXFileReference; fileEncoding = 4; lastKnownFileType = sourcecode.cpp.cpp; path = ThreadPool.cpp; sourceTree = "<group>"; };
		E8FB2BA61AF601530024DCAA /* ThreadPool.h */ = {isa = PBXFileReference; fileEncoding = 4; lastKnownFileType = sourcecode.c.h; path = ThreadPool.h; sourceTree = "<group>"; };
/* End PBXFileReference section */

/* Begin PBXFrameworksBuildPhase section */
		402F64A81AE0540400B6FAC3 /* Frameworks */ = {
			isa = PBXFrameworksBuildPhase;
			buildActionMask = 2147483647;
			files = (
				E85FD64B1AF97546005EE854 /* libssl.a in Frameworks */,
				E85FD64C1AF97548005EE854 /* libcrypto.a in Frameworks */,
			);
			runOnlyForDeploymentPostprocessing = 0;
		};
		402F64C41AE0540400B6FAC3 /* Frameworks */ = {
			isa = PBXFrameworksBuildPhase;
			buildActionMask = 2147483647;
			files = (
			);
			runOnlyForDeploymentPostprocessing = 0;
		};
		E8608DC81AF33CF800CF2D9A /* Frameworks */ = {
			isa = PBXFrameworksBuildPhase;
			buildActionMask = 2147483647;
			files = (
				E85BCFE91AF6F3CA007AFB83 /* libcrypto.dylib in Frameworks */,
				E85BCFE31AF6EE82007AFB83 /* libssl.dylib in Frameworks */,
				E8608DE91AF3929B00CF2D9A /* libopencv_imgproc.2.4.8.dylib in Frameworks */,
				E8608DD71AF3432000CF2D9A /* libopencv_core.dylib in Frameworks */,
				E8608DD91AF3435700CF2D9A /* libopencv_highgui.dylib in Frameworks */,
				E8608DDB1AF3437A00CF2D9A /* libopencv_video.dylib in Frameworks */,
			);
			runOnlyForDeploymentPostprocessing = 0;
		};
/* End PBXFrameworksBuildPhase section */

/* Begin PBXGroup section */
		402F64A21AE0540400B6FAC3 = {
			isa = PBXGroup;
			children = (
				E85BCF911AF6D961007AFB83 /* openssl-includes */,
				40585B311AE870F1009D5C51 /* Common */,
				402F64AD1AE0540400B6FAC3 /* Smarter Lock iOS */,
				402F64CA1AE0540400B6FAC3 /* Smarter LockTests */,
				E8608DCC1AF33CF800CF2D9A /* Server */,
				402F64AC1AE0540400B6FAC3 /* Products */,
			);
			sourceTree = "<group>";
		};
		402F64AC1AE0540400B6FAC3 /* Products */ = {
			isa = PBXGroup;
			children = (
				402F64AB1AE0540400B6FAC3 /* Smarter Lock.app */,
				402F64C71AE0540400B6FAC3 /* Smarter LockTests.xctest */,
				E8608DCB1AF33CF800CF2D9A /* Test Server */,
			);
			name = Products;
			sourceTree = "<group>";
		};
		402F64AD1AE0540400B6FAC3 /* Smarter Lock iOS */ = {
			isa = PBXGroup;
			children = (
				E85BCFE01AF6DAAA007AFB83 /* libssl.a */,
				E85BCF8F1AF6D93A007AFB83 /* libcrypto.a */,
				E89198F51AE078E5009048E5 /* QR */,
				402F64B21AE0540400B6FAC3 /* AppDelegate.h */,
				402F64B31AE0540400B6FAC3 /* AppDelegate.m */,
				402F64B51AE0540400B6FAC3 /* FirstViewController.h */,
				402F64B61AE0540400B6FAC3 /* FirstViewController.mm */,
				402F64B81AE0540400B6FAC3 /* SecondViewController.h */,
				402F64B91AE0540400B6FAC3 /* SecondViewController.mm */,
				402F64BB1AE0540400B6FAC3 /* Main.storyboard */,
				402F64BE1AE0540400B6FAC3 /* Images.xcassets */,
				402F64C01AE0540400B6FAC3 /* LaunchScreen.xib */,
				402F64AE1AE0540400B6FAC3 /* Supporting Files */,
				40585B2B1AE86180009D5C51 /* Communicator.h */,
				40585B2C1AE86180009D5C51 /* Communicator.mm */,
				E85EE39C1AF0877400966C1A /* SettingsController.h */,
				E85EE39D1AF0877400966C1A /* SettingsController.mm */,
				40585B3D1AF2CB40009D5C51 /* Authenticator.h */,
				40585B3E1AF2CB40009D5C51 /* Authenticator.m */,
				E82837D61AF1E00E00F22F2F /* MonitorController.h */,
				E82837D71AF1E00E00F22F2F /* MonitorController.mm */,
			);
			path = "Smarter Lock iOS";
			sourceTree = "<group>";
		};
		402F64AE1AE0540400B6FAC3 /* Supporting Files */ = {
			isa = PBXGroup;
			children = (
				402F64AF1AE0540400B6FAC3 /* Info.plist */,
				402F64B01AE0540400B6FAC3 /* main.m */,
			);
			name = "Supporting Files";
			sourceTree = "<group>";
		};
		402F64CA1AE0540400B6FAC3 /* Smarter LockTests */ = {
			isa = PBXGroup;
			children = (
				402F64CD1AE0540400B6FAC3 /* Smarter_LockTests.m */,
				402F64CB1AE0540400B6FAC3 /* Supporting Files */,
				40585B381AE87CA0009D5C51 /* CommunicatorTest.mm */,
			);
			path = "Smarter LockTests";
			sourceTree = "<group>";
		};
		402F64CB1AE0540400B6FAC3 /* Supporting Files */ = {
			isa = PBXGroup;
			children = (
				402F64CC1AE0540400B6FAC3 /* Info.plist */,
			);
			name = "Supporting Files";
			sourceTree = "<group>";
		};
		40585B311AE870F1009D5C51 /* Common */ = {
			isa = PBXGroup;
			children = (
				E86A80411AFDCE6D0069E7CE /* Packets */,
				E8608DE01AF3534400CF2D9A /* UDPCommunicator.cpp */,
				E8608DE11AF3534400CF2D9A /* UDPCommunicator.h */,
				E85D3A3E1AF58C750091D03B /* TCPServer.cpp */,
				E85D3A3F1AF58C750091D03B /* TCPServer.h */,
				E8FB2BA51AF601530024DCAA /* ThreadPool.cpp */,
				E8FB2BA61AF601530024DCAA /* ThreadPool.h */,
				E851928D1B0462450016BCCD /* GPIO.cpp */,
				E851928E1B0462450016BCCD /* GPIO.h */,
			);
			path = Common;
			sourceTree = "<group>";
		};
		E85BCF911AF6D961007AFB83 /* openssl-includes */ = {
			isa = PBXGroup;
			children = (
				E85BCF921AF6D961007AFB83 /* LICENSE */,
				E85BCF931AF6D961007AFB83 /* openssl */,
			);
			path = "openssl-includes";
			sourceTree = "<group>";
		};
		E85BCF931AF6D961007AFB83 /* openssl */ = {
			isa = PBXGroup;
			children = (
				E85BCF941AF6D961007AFB83 /* aes.h */,
				E85BCF951AF6D961007AFB83 /* asn1.h */,
				E85BCF961AF6D961007AFB83 /* asn1_mac.h */,
				E85BCF971AF6D961007AFB83 /* asn1t.h */,
				E85BCF981AF6D961007AFB83 /* bio.h */,
				E85BCF991AF6D961007AFB83 /* blowfish.h */,
				E85BCF9A1AF6D961007AFB83 /* bn.h */,
				E85BCF9B1AF6D961007AFB83 /* buffer.h */,
				E85BCF9C1AF6D961007AFB83 /* camellia.h */,
				E85BCF9D1AF6D961007AFB83 /* cast.h */,
				E85BCF9E1AF6D961007AFB83 /* cmac.h */,
				E85BCF9F1AF6D961007AFB83 /* cms.h */,
				E85BCFA01AF6D961007AFB83 /* comp.h */,
				E85BCFA11AF6D961007AFB83 /* conf.h */,
				E85BCFA21AF6D961007AFB83 /* conf_api.h */,
				E85BCFA31AF6D961007AFB83 /* crypto.h */,
				E85BCFA41AF6D961007AFB83 /* des.h */,
				E85BCFA51AF6D961007AFB83 /* des_old.h */,
				E85BCFA61AF6D961007AFB83 /* dh.h */,
				E85BCFA71AF6D961007AFB83 /* dsa.h */,
				E85BCFA81AF6D961007AFB83 /* dso.h */,
				E85BCFA91AF6D961007AFB83 /* dtls1.h */,
				E85BCFAA1AF6D961007AFB83 /* e_os2.h */,
				E85BCFAB1AF6D961007AFB83 /* ebcdic.h */,
				E85BCFAC1AF6D961007AFB83 /* ec.h */,
				E85BCFAD1AF6D961007AFB83 /* ecdh.h */,
				E85BCFAE1AF6D961007AFB83 /* ecdsa.h */,
				E85BCFAF1AF6D961007AFB83 /* engine.h */,
				E85BCFB01AF6D961007AFB83 /* err.h */,
				E85BCFB11AF6D961007AFB83 /* evp.h */,
				E85BCFB21AF6D961007AFB83 /* hmac.h */,
				E85BCFB31AF6D961007AFB83 /* idea.h */,
				E85BCFB41AF6D961007AFB83 /* krb5_asn.h */,
				E85BCFB51AF6D961007AFB83 /* kssl.h */,
				E85BCFB61AF6D961007AFB83 /* lhash.h */,
				E85BCFB71AF6D961007AFB83 /* md4.h */,
				E85BCFB81AF6D961007AFB83 /* md5.h */,
				E85BCFB91AF6D961007AFB83 /* mdc2.h */,
				E85BCFBA1AF6D961007AFB83 /* modes.h */,
				E85BCFBB1AF6D961007AFB83 /* obj_mac.h */,
				E85BCFBC1AF6D961007AFB83 /* objects.h */,
				E85BCFBD1AF6D961007AFB83 /* ocsp.h */,
				E85BCFBE1AF6D961007AFB83 /* opensslconf.h */,
				E85BCFBF1AF6D961007AFB83 /* opensslv.h */,
				E85BCFC01AF6D961007AFB83 /* ossl_typ.h */,
				E85BCFC11AF6D961007AFB83 /* pem.h */,
				E85BCFC21AF6D961007AFB83 /* pem2.h */,
				E85BCFC31AF6D961007AFB83 /* pkcs12.h */,
				E85BCFC41AF6D961007AFB83 /* pkcs7.h */,
				E85BCFC51AF6D961007AFB83 /* pqueue.h */,
				E85BCFC61AF6D961007AFB83 /* rand.h */,
				E85BCFC71AF6D961007AFB83 /* rc2.h */,
				E85BCFC81AF6D961007AFB83 /* rc4.h */,
				E85BCFC91AF6D961007AFB83 /* ripemd.h */,
				E85BCFCA1AF6D961007AFB83 /* rsa.h */,
				E85BCFCB1AF6D961007AFB83 /* safestack.h */,
				E85BCFCC1AF6D961007AFB83 /* seed.h */,
				E85BCFCD1AF6D961007AFB83 /* sha.h */,
				E85BCFCE1AF6D961007AFB83 /* srp.h */,
				E85BCFCF1AF6D961007AFB83 /* srtp.h */,
				E85BCFD01AF6D961007AFB83 /* ssl.h */,
				E85BCFD11AF6D961007AFB83 /* ssl2.h */,
				E85BCFD21AF6D961007AFB83 /* ssl23.h */,
				E85BCFD31AF6D961007AFB83 /* ssl3.h */,
				E85BCFD41AF6D961007AFB83 /* stack.h */,
				E85BCFD51AF6D961007AFB83 /* symhacks.h */,
				E85BCFD61AF6D961007AFB83 /* tls1.h */,
				E85BCFD71AF6D961007AFB83 /* ts.h */,
				E85BCFD81AF6D961007AFB83 /* txt_db.h */,
				E85BCFD91AF6D961007AFB83 /* ui.h */,
				E85BCFDA1AF6D961007AFB83 /* ui_compat.h */,
				E85BCFDB1AF6D961007AFB83 /* whrlpool.h */,
				E85BCFDC1AF6D961007AFB83 /* x509.h */,
				E85BCFDD1AF6D961007AFB83 /* x509_vfy.h */,
				E85BCFDE1AF6D961007AFB83 /* x509v3.h */,
			);
			path = openssl;
			sourceTree = "<group>";
		};
		E8608DCC1AF33CF800CF2D9A /* Server */ = {
			isa = PBXGroup;
			children = (
				E85BCFE81AF6F3CA007AFB83 /* libcrypto.dylib */,
				E85BCFE41AF6F284007AFB83 /* private.pem */,
				E85BCFE21AF6EE82007AFB83 /* libssl.dylib */,
				E8608DE71AF3926F00CF2D9A /* libopencv_imgproc.2.4.8.dylib */,
				E8608DD81AF3435700CF2D9A /* libopencv_highgui.dylib */,
				E8608DD61AF3432000CF2D9A /* libopencv_core.dylib */,
				E8608DDA1AF3437A00CF2D9A /* libopencv_video.dylib */,
				E8608DCD1AF33CF800CF2D9A /* main.cpp */,
				E86A80401AFDC9270069E7CE /* CMakeLists.txt */,
				E86F7D4E1B0F2AB700BE8FB6 /* Helpers.cpp */,
				E86F7D4F1B0F2AB700BE8FB6 /* Helpers.h */,
				E86F7D511B0F2BF100BE8FB6 /* ServerThreads.cpp */,
				E86F7D521B0F2BF100BE8FB6 /* ServerThreads.h */,
			);
			path = Server;
			sourceTree = "<group>";
		};
		E86A80411AFDCE6D0069E7CE /* Packets */ = {
			isa = PBXGroup;
			children = (
				E84F82791AF70EED00638336 /* SimplePacket.cpp */,
				E84F827A1AF70EED00638336 /* SimplePacket.h */,
				E84168CA1AE8A38800BB1897 /* Packet.h */,
				E84168CC1AE8A40700BB1897 /* CommandPacket.cpp */,
				E84168CD1AE8A40700BB1897 /* CommandPacket.h */,
				E84168CF1AE8A64B00BB1897 /* PasscodePacket.cpp */,
				E84168D01AE8A64B00BB1897 /* PasscodePacket.h */,
				E84168D51AE8B65E00BB1897 /* PacketAssembler.cpp */,
				E84168D61AE8B65E00BB1897 /* PacketAssembler.h */,
				E8608DDC1AF34B1D00CF2D9A /* VideoFramePacket.cpp */,
				E8608DDD1AF34B1D00CF2D9A /* VideoFramePacket.h */,
			);
			path = Packets;
			sourceTree = "<group>";
		};
		E89198F51AE078E5009048E5 /* QR */ = {
			isa = PBXGroup;
			children = (
				E89198F61AE078E5009048E5 /* libqrencode */,
				E89199051AE078E5009048E5 /* UIImage+MDQRCode.h */,
				E89199061AE078E5009048E5 /* UIImage+MDQRCode.m */,
			);
			path = QR;
			sourceTree = "<group>";
		};
		E89198F61AE078E5009048E5 /* libqrencode */ = {
			isa = PBXGroup;
			children = (
				E89198F71AE078E5009048E5 /* bitstream.c */,
				E89198F81AE078E5009048E5 /* bitstream.h */,
				E89198F91AE078E5009048E5 /* mask.c */,
				E89198FA1AE078E5009048E5 /* mask.h */,
				E89198FB1AE078E5009048E5 /* qrencode.c */,
				E89198FC1AE078E5009048E5 /* qrencode.h */,
				E89198FD1AE078E5009048E5 /* qrinput.c */,
				E89198FE1AE078E5009048E5 /* qrinput.h */,
				E89198FF1AE078E5009048E5 /* qrspec.c */,
				E89199001AE078E5009048E5 /* qrspec.h */,
				E89199011AE078E5009048E5 /* rscode.c */,
				E89199021AE078E5009048E5 /* rscode.h */,
				E89199031AE078E5009048E5 /* split.c */,
				E89199041AE078E5009048E5 /* split.h */,
			);
			path = libqrencode;
			sourceTree = "<group>";
		};
/* End PBXGroup section */

/* Begin PBXNativeTarget section */
		402F64AA1AE0540400B6FAC3 /* Smarter Lock */ = {
			isa = PBXNativeTarget;
			buildConfigurationList = 402F64D11AE0540400B6FAC3 /* Build configuration list for PBXNativeTarget "Smarter Lock" */;
			buildPhases = (
				402F64A71AE0540400B6FAC3 /* Sources */,
				402F64A81AE0540400B6FAC3 /* Frameworks */,
				402F64A91AE0540400B6FAC3 /* Resources */,
			);
			buildRules = (
			);
			dependencies = (
			);
			name = "Smarter Lock";
			productName = "Smarter Lock";
			productReference = 402F64AB1AE0540400B6FAC3 /* Smarter Lock.app */;
			productType = "com.apple.product-type.application";
		};
		402F64C61AE0540400B6FAC3 /* Smarter LockTests */ = {
			isa = PBXNativeTarget;
			buildConfigurationList = 402F64D41AE0540400B6FAC3 /* Build configuration list for PBXNativeTarget "Smarter LockTests" */;
			buildPhases = (
				402F64C31AE0540400B6FAC3 /* Sources */,
				402F64C41AE0540400B6FAC3 /* Frameworks */,
				402F64C51AE0540400B6FAC3 /* Resources */,
			);
			buildRules = (
			);
			dependencies = (
				402F64C91AE0540400B6FAC3 /* PBXTargetDependency */,
			);
			name = "Smarter LockTests";
			productName = "Smarter LockTests";
			productReference = 402F64C71AE0540400B6FAC3 /* Smarter LockTests.xctest */;
			productType = "com.apple.product-type.bundle.unit-test";
		};
		E8608DCA1AF33CF800CF2D9A /* Test Server */ = {
			isa = PBXNativeTarget;
			buildConfigurationList = E8608DCF1AF33CF800CF2D9A /* Build configuration list for PBXNativeTarget "Test Server" */;
			buildPhases = (
				E8608DC71AF33CF800CF2D9A /* Sources */,
				E8608DC81AF33CF800CF2D9A /* Frameworks */,
				E8608DC91AF33CF800CF2D9A /* CopyFiles */,
			);
			buildRules = (
			);
			dependencies = (
			);
			name = "Test Server";
			productName = "Test Webcam Publisher";
			productReference = E8608DCB1AF33CF800CF2D9A /* Test Server */;
			productType = "com.apple.product-type.tool";
		};
/* End PBXNativeTarget section */

/* Begin PBXProject section */
		402F64A31AE0540400B6FAC3 /* Project object */ = {
			isa = PBXProject;
			attributes = {
				LastUpgradeCheck = 0630;
				ORGANIZATIONNAME = CSE481;
				TargetAttributes = {
					402F64AA1AE0540400B6FAC3 = {
						CreatedOnToolsVersion = 6.3;
						DevelopmentTeam = RLGE6CQ5H4;
					};
					402F64C61AE0540400B6FAC3 = {
						CreatedOnToolsVersion = 6.3;
						TestTargetID = 402F64AA1AE0540400B6FAC3;
					};
					E8608DCA1AF33CF800CF2D9A = {
						CreatedOnToolsVersion = 6.3;
					};
				};
			};
			buildConfigurationList = 402F64A61AE0540400B6FAC3 /* Build configuration list for PBXProject "Smarter Lock" */;
			compatibilityVersion = "Xcode 3.2";
			developmentRegion = English;
			hasScannedForEncodings = 0;
			knownRegions = (
				en,
				Base,
			);
			mainGroup = 402F64A21AE0540400B6FAC3;
			productRefGroup = 402F64AC1AE0540400B6FAC3 /* Products */;
			projectDirPath = "";
			projectRoot = "";
			targets = (
				402F64AA1AE0540400B6FAC3 /* Smarter Lock */,
				402F64C61AE0540400B6FAC3 /* Smarter LockTests */,
				E8608DCA1AF33CF800CF2D9A /* Test Server */,
			);
		};
/* End PBXProject section */

/* Begin PBXResourcesBuildPhase section */
		402F64A91AE0540400B6FAC3 /* Resources */ = {
			isa = PBXResourcesBuildPhase;
			buildActionMask = 2147483647;
			files = (
				402F64BD1AE0540400B6FAC3 /* Main.storyboard in Resources */,
				E85BCFE51AF6F284007AFB83 /* private.pem in Resources */,
				402F64C21AE0540400B6FAC3 /* LaunchScreen.xib in Resources */,
				E85BCFDF1AF6D961007AFB83 /* LICENSE in Resources */,
				402F64BF1AE0540400B6FAC3 /* Images.xcassets in Resources */,
			);
			runOnlyForDeploymentPostprocessing = 0;
		};
		402F64C51AE0540400B6FAC3 /* Resources */ = {
			isa = PBXResourcesBuildPhase;
			buildActionMask = 2147483647;
			files = (
			);
			runOnlyForDeploymentPostprocessing = 0;
		};
/* End PBXResourcesBuildPhase section */

/* Begin PBXSourcesBuildPhase section */
		402F64A71AE0540400B6FAC3 /* Sources */ = {
			isa = PBXSourcesBuildPhase;
			buildActionMask = 2147483647;
			files = (
				E891990E1AE078E5009048E5 /* UIImage+MDQRCode.m in Sources */,
				40585B2D1AE86180009D5C51 /* Communicator.mm in Sources */,
				402F64BA1AE0540400B6FAC3 /* SecondViewController.mm in Sources */,
				E8608DDE1AF34B1D00CF2D9A /* VideoFramePacket.cpp in Sources */,
				E84168D11AE8A64B00BB1897 /* PasscodePacket.cpp in Sources */,
				E85EE39E1AF0877400966C1A /* SettingsController.mm in Sources */,
				E891990B1AE078E5009048E5 /* qrspec.c in Sources */,
				E89199071AE078E5009048E5 /* bitstream.c in Sources */,
				E891990C1AE078E5009048E5 /* rscode.c in Sources */,
				402F64B41AE0540400B6FAC3 /* AppDelegate.m in Sources */,
				E89199081AE078E5009048E5 /* mask.c in Sources */,
				E82837D81AF1E00E00F22F2F /* MonitorController.mm in Sources */,
				E8608DE21AF3534400CF2D9A /* UDPCommunicator.cpp in Sources */,
				E89199091AE078E5009048E5 /* qrencode.c in Sources */,
				E84168D71AE8B65E00BB1897 /* PacketAssembler.cpp in Sources */,
				E84F827B1AF70EED00638336 /* SimplePacket.cpp in Sources */,
				E84168CE1AE8A40700BB1897 /* CommandPacket.cpp in Sources */,
				E891990A1AE078E5009048E5 /* qrinput.c in Sources */,
				E891990D1AE078E5009048E5 /* split.c in Sources */,
				402F64B71AE0540400B6FAC3 /* FirstViewController.mm in Sources */,
				40585B3F1AF2CB40009D5C51 /* Authenticator.m in Sources */,
				402F64B11AE0540400B6FAC3 /* main.m in Sources */,
			);
			runOnlyForDeploymentPostprocessing = 0;
		};
		402F64C31AE0540400B6FAC3 /* Sources */ = {
			isa = PBXSourcesBuildPhase;
			buildActionMask = 2147483647;
			files = (
				40585B391AE87CA0009D5C51 /* CommunicatorTest.mm in Sources */,
				402F64CE1AE0540400B6FAC3 /* Smarter_LockTests.m in Sources */,
			);
			runOnlyForDeploymentPostprocessing = 0;
		};
		E8608DC71AF33CF800CF2D9A /* Sources */ = {
			isa = PBXSourcesBuildPhase;
			buildActionMask = 2147483647;
			files = (
				E8608DE51AF390F300CF2D9A /* CommandPacket.cpp in Sources */,
				E8FB2BA81AF60CE30024DCAA /* ThreadPool.cpp in Sources */,
				E8608DE61AF390F300CF2D9A /* PasscodePacket.cpp in Sources */,
				E8608DE41AF390DC00CF2D9A /* PacketAssembler.cpp in Sources */,
				E851928F1B0462450016BCCD /* GPIO.cpp in Sources */,
				E8608DE31AF3534400CF2D9A /* UDPCommunicator.cpp in Sources */,
				E84F827C1AF714CA00638336 /* SimplePacket.cpp in Sources */,
				E86F7D501B0F2AB700BE8FB6 /* Helpers.cpp in Sources */,
				E86F7D531B0F2BF100BE8FB6 /* ServerThreads.cpp in Sources */,
				E8FB2BA31AF5A2F00024DCAA /* TCPServer.cpp in Sources */,
				E8608DCE1AF33CF800CF2D9A /* main.cpp in Sources */,
				E8608DDF1AF34B1D00CF2D9A /* VideoFramePacket.cpp in Sources */,
			);
			runOnlyForDeploymentPostprocessing = 0;
		};
/* End PBXSourcesBuildPhase section */

/* Begin PBXTargetDependency section */
		402F64C91AE0540400B6FAC3 /* PBXTargetDependency */ = {
			isa = PBXTargetDependency;
			target = 402F64AA1AE0540400B6FAC3 /* Smarter Lock */;
			targetProxy = 402F64C81AE0540400B6FAC3 /* PBXContainerItemProxy */;
		};
/* End PBXTargetDependency section */

/* Begin PBXVariantGroup section */
		402F64BB1AE0540400B6FAC3 /* Main.storyboard */ = {
			isa = PBXVariantGroup;
			children = (
				402F64BC1AE0540400B6FAC3 /* Base */,
			);
			name = Main.storyboard;
			sourceTree = "<group>";
		};
		402F64C01AE0540400B6FAC3 /* LaunchScreen.xib */ = {
			isa = PBXVariantGroup;
			children = (
				402F64C11AE0540400B6FAC3 /* Base */,
			);
			name = LaunchScreen.xib;
			sourceTree = "<group>";
		};
/* End PBXVariantGroup section */

/* Begin XCBuildConfiguration section */
		402F64CF1AE0540400B6FAC3 /* Debug */ = {
			isa = XCBuildConfiguration;
			buildSettings = {
				ALWAYS_SEARCH_USER_PATHS = NO;
				CLANG_CXX_LANGUAGE_STANDARD = "gnu++0x";
				CLANG_CXX_LIBRARY = "libc++";
				CLANG_ENABLE_MODULES = YES;
				CLANG_ENABLE_OBJC_ARC = YES;
				CLANG_WARN_BOOL_CONVERSION = YES;
				CLANG_WARN_CONSTANT_CONVERSION = YES;
				CLANG_WARN_DIRECT_OBJC_ISA_USAGE = YES_ERROR;
				CLANG_WARN_EMPTY_BODY = YES;
				CLANG_WARN_ENUM_CONVERSION = YES;
				CLANG_WARN_INT_CONVERSION = YES;
				CLANG_WARN_OBJC_ROOT_CLASS = YES_ERROR;
				CLANG_WARN_UNREACHABLE_CODE = YES;
				CLANG_WARN__DUPLICATE_METHOD_MATCH = YES;
				"CODE_SIGN_IDENTITY[sdk=iphoneos*]" = "iPhone Developer";
				COPY_PHASE_STRIP = NO;
				DEBUG_INFORMATION_FORMAT = "dwarf-with-dsym";
				ENABLE_STRICT_OBJC_MSGSEND = YES;
				GCC_C_LANGUAGE_STANDARD = gnu99;
				GCC_DYNAMIC_NO_PIC = NO;
				GCC_NO_COMMON_BLOCKS = YES;
				GCC_OPTIMIZATION_LEVEL = 0;
				GCC_PREPROCESSOR_DEFINITIONS = (
					"DEBUG=1",
					"$(inherited)",
				);
				GCC_SYMBOLS_PRIVATE_EXTERN = NO;
				GCC_WARN_64_TO_32_BIT_CONVERSION = YES;
				GCC_WARN_ABOUT_RETURN_TYPE = YES_ERROR;
				GCC_WARN_UNDECLARED_SELECTOR = YES;
				GCC_WARN_UNINITIALIZED_AUTOS = YES_AGGRESSIVE;
				GCC_WARN_UNUSED_FUNCTION = YES;
				GCC_WARN_UNUSED_VARIABLE = YES;
				HEADER_SEARCH_PATHS = (
					"$(inherited)",
					/Applications/Xcode.app/Contents/Developer/Toolchains/XcodeDefault.xctoolchain/usr/include,
					/usr/lib/include,
				);
				IPHONEOS_DEPLOYMENT_TARGET = 8.3;
				MTL_ENABLE_DEBUG_INFO = YES;
				ONLY_ACTIVE_ARCH = YES;
				SDKROOT = iphoneos;
				TARGETED_DEVICE_FAMILY = "1,2";
			};
			name = Debug;
		};
		402F64D01AE0540400B6FAC3 /* Release */ = {
			isa = XCBuildConfiguration;
			buildSettings = {
				ALWAYS_SEARCH_USER_PATHS = NO;
				CLANG_CXX_LANGUAGE_STANDARD = "gnu++0x";
				CLANG_CXX_LIBRARY = "libc++";
				CLANG_ENABLE_MODULES = YES;
				CLANG_ENABLE_OBJC_ARC = YES;
				CLANG_WARN_BOOL_CONVERSION = YES;
				CLANG_WARN_CONSTANT_CONVERSION = YES;
				CLANG_WARN_DIRECT_OBJC_ISA_USAGE = YES_ERROR;
				CLANG_WARN_EMPTY_BODY = YES;
				CLANG_WARN_ENUM_CONVERSION = YES;
				CLANG_WARN_INT_CONVERSION = YES;
				CLANG_WARN_OBJC_ROOT_CLASS = YES_ERROR;
				CLANG_WARN_UNREACHABLE_CODE = YES;
				CLANG_WARN__DUPLICATE_METHOD_MATCH = YES;
				"CODE_SIGN_IDENTITY[sdk=iphoneos*]" = "iPhone Developer";
				COPY_PHASE_STRIP = NO;
				DEBUG_INFORMATION_FORMAT = "dwarf-with-dsym";
				ENABLE_NS_ASSERTIONS = NO;
				ENABLE_STRICT_OBJC_MSGSEND = YES;
				GCC_C_LANGUAGE_STANDARD = gnu99;
				GCC_NO_COMMON_BLOCKS = YES;
				GCC_WARN_64_TO_32_BIT_CONVERSION = YES;
				GCC_WARN_ABOUT_RETURN_TYPE = YES_ERROR;
				GCC_WARN_UNDECLARED_SELECTOR = YES;
				GCC_WARN_UNINITIALIZED_AUTOS = YES_AGGRESSIVE;
				GCC_WARN_UNUSED_FUNCTION = YES;
				GCC_WARN_UNUSED_VARIABLE = YES;
				HEADER_SEARCH_PATHS = (
					"$(inherited)",
					/Applications/Xcode.app/Contents/Developer/Toolchains/XcodeDefault.xctoolchain/usr/include,
					/usr/lib/include,
				);
				IPHONEOS_DEPLOYMENT_TARGET = 8.3;
				MTL_ENABLE_DEBUG_INFO = NO;
				SDKROOT = iphoneos;
				TARGETED_DEVICE_FAMILY = "1,2";
				VALIDATE_PRODUCT = YES;
			};
			name = Release;
		};
		402F64D21AE0540400B6FAC3 /* Debug */ = {
			isa = XCBuildConfiguration;
			buildSettings = {
				ASSETCATALOG_COMPILER_APPICON_NAME = AppIcon;
				CODE_SIGN_IDENTITY = "iPhone Developer";
				"CODE_SIGN_IDENTITY[sdk=iphoneos*]" = "iPhone Developer";
				HEADER_SEARCH_PATHS = (
					"$(inherited)",
					/Applications/Xcode.app/Contents/Developer/Toolchains/XcodeDefault.xctoolchain/usr/include,
					"openssl-includes/**",
					/usr/lib/include,
				);
				INFOPLIST_FILE = "$(SRCROOT)/Smarter Lock iOS/Info.plist";
				LD_RUNPATH_SEARCH_PATHS = "$(inherited) @executable_path/Frameworks";
				LIBRARY_SEARCH_PATHS = (
					"$(inherited)",
					"$(PROJECT_DIR)/Smarter",
					Lock,
					iOS,
					"$(PROJECT_DIR)/Smarter",
					Lock,
					iOS,
					"$(PROJECT_DIR)/Smarter",
					Lock,
					iOS,
				);
				PRODUCT_NAME = "$(TARGET_NAME)";
				PROVISIONING_PROFILE = "";
			};
			name = Debug;
		};
		402F64D31AE0540400B6FAC3 /* Release */ = {
			isa = XCBuildConfiguration;
			buildSettings = {
				ASSETCATALOG_COMPILER_APPICON_NAME = AppIcon;
				CODE_SIGN_IDENTITY = "iPhone Developer";
				"CODE_SIGN_IDENTITY[sdk=iphoneos*]" = "iPhone Developer";
				HEADER_SEARCH_PATHS = (
					"$(inherited)",
					/Applications/Xcode.app/Contents/Developer/Toolchains/XcodeDefault.xctoolchain/usr/include,
					"openssl-includes/**",
					/usr/lib/include,
				);
				INFOPLIST_FILE = "$(SRCROOT)/Smarter Lock iOS/Info.plist";
				LD_RUNPATH_SEARCH_PATHS = "$(inherited) @executable_path/Frameworks";
				LIBRARY_SEARCH_PATHS = (
					"$(inherited)",
					"$(PROJECT_DIR)/Smarter",
					Lock,
					iOS,
					"$(PROJECT_DIR)/Smarter",
					Lock,
					iOS,
					"$(PROJECT_DIR)/Smarter",
					Lock,
					iOS,
				);
				PRODUCT_NAME = "$(TARGET_NAME)";
				PROVISIONING_PROFILE = "";
			};
			name = Release;
		};
		402F64D51AE0540400B6FAC3 /* Debug */ = {
			isa = XCBuildConfiguration;
			buildSettings = {
				BUNDLE_LOADER = "$(TEST_HOST)";
				FRAMEWORK_SEARCH_PATHS = (
					"$(SDKROOT)/Developer/Library/Frameworks",
					"$(inherited)",
				);
				GCC_PREPROCESSOR_DEFINITIONS = (
					"DEBUG=1",
					"$(inherited)",
				);
				INFOPLIST_FILE = "Smarter LockTests/Info.plist";
				LD_RUNPATH_SEARCH_PATHS = "$(inherited) @executable_path/Frameworks @loader_path/Frameworks";
				PRODUCT_NAME = "$(TARGET_NAME)";
				TEST_HOST = "$(BUILT_PRODUCTS_DIR)/Smarter Lock.app/Smarter Lock";
			};
			name = Debug;
		};
		402F64D61AE0540400B6FAC3 /* Release */ = {
			isa = XCBuildConfiguration;
			buildSettings = {
				BUNDLE_LOADER = "$(TEST_HOST)";
				FRAMEWORK_SEARCH_PATHS = (
					"$(SDKROOT)/Developer/Library/Frameworks",
					"$(inherited)",
				);
				INFOPLIST_FILE = "Smarter LockTests/Info.plist";
				LD_RUNPATH_SEARCH_PATHS = "$(inherited) @executable_path/Frameworks @loader_path/Frameworks";
				PRODUCT_NAME = "$(TARGET_NAME)";
				TEST_HOST = "$(BUILT_PRODUCTS_DIR)/Smarter Lock.app/Smarter Lock";
			};
			name = Release;
		};
		E8608DD01AF33CF800CF2D9A /* Debug */ = {
			isa = XCBuildConfiguration;
			buildSettings = {
				CLANG_CXX_LANGUAGE_STANDARD = "gnu++0x";
				DEBUG_INFORMATION_FORMAT = dwarf;
				GCC_PREPROCESSOR_DEFINITIONS = (
					"DEBUG=1",
					"$(inherited)",
				);
				HEADER_SEARCH_PATHS = (
					"$(inherited)",
					/Applications/Xcode.app/Contents/Developer/Toolchains/XcodeDefault.xctoolchain/usr/include,
					/usr/local/include,
				);
				LIBRARY_SEARCH_PATHS = (
					"$(inherited)",
					"$(PROJECT_DIR)/Test",
					Webcam,
					Publisher,
					/usr/local/Cellar/opencv/2.4.8.2/lib,
					/usr/local/lib,
				);
				MACOSX_DEPLOYMENT_TARGET = 10.10;
				PRODUCT_NAME = "$(TARGET_NAME)";
				SDKROOT = macosx;
			};
			name = Debug;
		};
		E8608DD11AF33CF800CF2D9A /* Release */ = {
			isa = XCBuildConfiguration;
			buildSettings = {
				CLANG_CXX_LANGUAGE_STANDARD = "gnu++0x";
				HEADER_SEARCH_PATHS = (
					"$(inherited)",
					/Applications/Xcode.app/Contents/Developer/Toolchains/XcodeDefault.xctoolchain/usr/include,
					/usr/local/include,
				);
				LIBRARY_SEARCH_PATHS = (
					"$(inherited)",
					"$(PROJECT_DIR)/Test",
					Webcam,
					Publisher,
					/usr/local/Cellar/opencv/2.4.8.2/lib,
					/usr/local/lib,
				);
				MACOSX_DEPLOYMENT_TARGET = 10.10;
				PRODUCT_NAME = "$(TARGET_NAME)";
				SDKROOT = macosx;
			};
			name = Release;
		};
/* End XCBuildConfiguration section */

/* Begin XCConfigurationList section */
		402F64A61AE0540400B6FAC3 /* Build configuration list for PBXProject "Smarter Lock" */ = {
			isa = XCConfigurationList;
			buildConfigurations = (
				402F64CF1AE0540400B6FAC3 /* Debug */,
				402F64D01AE0540400B6FAC3 /* Release */,
			);
			defaultConfigurationIsVisible = 0;
			defaultConfigurationName = Release;
		};
		402F64D11AE0540400B6FAC3 /* Build configuration list for PBXNativeTarget "Smarter Lock" */ = {
			isa = XCConfigurationList;
			buildConfigurations = (
				402F64D21AE0540400B6FAC3 /* Debug */,
				402F64D31AE0540400B6FAC3 /* Release */,
			);
			defaultConfigurationIsVisible = 0;
			defaultConfigurationName = Release;
		};
		402F64D41AE0540400B6FAC3 /* Build configuration list for PBXNativeTarget "Smarter LockTests" */ = {
			isa = XCConfigurationList;
			buildConfigurations = (
				402F64D51AE0540400B6FAC3 /* Debug */,
				402F64D61AE0540400B6FAC3 /* Release */,
			);
			defaultConfigurationIsVisible = 0;
			defaultConfigurationName = Release;
		};
		E8608DCF1AF33CF800CF2D9A /* Build configuration list for PBXNativeTarget "Test Server" */ = {
			isa = XCConfigurationList;
			buildConfigurations = (
				E8608DD01AF33CF800CF2D9A /* Debug */,
				E8608DD11AF33CF800CF2D9A /* Release */,
			);
			defaultConfigurationIsVisible = 0;
			defaultConfigurationName = Release;
		};
/* End XCConfigurationList section */
	};
	rootObject = 402F64A31AE0540400B6FAC3 /* Project object */;
}
