// !$*UTF8*$!
{
	archiveVersion = 1;
	classes = {
	};
	objectVersion = 46;
	objects = {

/* Begin PBXBuildFile section */
		402F64B11AE0540400B6FAC3 /* main.m in Sources */ = {isa = PBXBuildFile; fileRef = 402F64B01AE0540400B6FAC3 /* main.m */; };
		402F64B41AE0540400B6FAC3 /* AppDelegate.m in Sources */ = {isa = PBXBuildFile; fileRef = 402F64B31AE0540400B6FAC3 /* AppDelegate.m */; };
		402F64B71AE0540400B6FAC3 /* FirstViewController.m in Sources */ = {isa = PBXBuildFile; fileRef = 402F64B61AE0540400B6FAC3 /* FirstViewController.m */; };
		402F64BA1AE0540400B6FAC3 /* SecondViewController.mm in Sources */ = {isa = PBXBuildFile; fileRef = 402F64B91AE0540400B6FAC3 /* SecondViewController.mm */; };
		402F64BD1AE0540400B6FAC3 /* Main.storyboard in Resources */ = {isa = PBXBuildFile; fileRef = 402F64BB1AE0540400B6FAC3 /* Main.storyboard */; };
		402F64BF1AE0540400B6FAC3 /* Images.xcassets in Resources */ = {isa = PBXBuildFile; fileRef = 402F64BE1AE0540400B6FAC3 /* Images.xcassets */; };
		402F64C21AE0540400B6FAC3 /* LaunchScreen.xib in Resources */ = {isa = PBXBuildFile; fileRef = 402F64C01AE0540400B6FAC3 /* LaunchScreen.xib */; };
		402F64CE1AE0540400B6FAC3 /* Smarter_LockTests.m in Sources */ = {isa = PBXBuildFile; fileRef = 402F64CD1AE0540400B6FAC3 /* Smarter_LockTests.m */; };
		40585B2D1AE86180009D5C51 /* Communicator.mm in Sources */ = {isa = PBXBuildFile; fileRef = 40585B2C1AE86180009D5C51 /* Communicator.mm */; };
		40585B391AE87CA0009D5C51 /* CommunicatorTest.mm in Sources */ = {isa = PBXBuildFile; fileRef = 40585B381AE87CA0009D5C51 /* CommunicatorTest.mm */; };
		E82837D81AF1E00E00F22F2F /* MonitorController.mm in Sources */ = {isa = PBXBuildFile; fileRef = E82837D71AF1E00E00F22F2F /* MonitorController.mm */; };
		E84168CE1AE8A40700BB1897 /* CommandPacket.cpp in Sources */ = {isa = PBXBuildFile; fileRef = E84168CC1AE8A40700BB1897 /* CommandPacket.cpp */; };
		E84168D11AE8A64B00BB1897 /* PasscodePacket.cpp in Sources */ = {isa = PBXBuildFile; fileRef = E84168CF1AE8A64B00BB1897 /* PasscodePacket.cpp */; };
		E84168D71AE8B65E00BB1897 /* PacketAssembler.cpp in Sources */ = {isa = PBXBuildFile; fileRef = E84168D51AE8B65E00BB1897 /* PacketAssembler.cpp */; };
		E85EE39E1AF0877400966C1A /* SettingsController.mm in Sources */ = {isa = PBXBuildFile; fileRef = E85EE39D1AF0877400966C1A /* SettingsController.mm */; };
		E89199071AE078E5009048E5 /* bitstream.c in Sources */ = {isa = PBXBuildFile; fileRef = E89198F71AE078E5009048E5 /* bitstream.c */; };
		E89199081AE078E5009048E5 /* mask.c in Sources */ = {isa = PBXBuildFile; fileRef = E89198F91AE078E5009048E5 /* mask.c */; };
		E89199091AE078E5009048E5 /* qrencode.c in Sources */ = {isa = PBXBuildFile; fileRef = E89198FB1AE078E5009048E5 /* qrencode.c */; };
		E891990A1AE078E5009048E5 /* qrinput.c in Sources */ = {isa = PBXBuildFile; fileRef = E89198FD1AE078E5009048E5 /* qrinput.c */; };
		E891990B1AE078E5009048E5 /* qrspec.c in Sources */ = {isa = PBXBuildFile; fileRef = E89198FF1AE078E5009048E5 /* qrspec.c */; };
		E891990C1AE078E5009048E5 /* rscode.c in Sources */ = {isa = PBXBuildFile; fileRef = E89199011AE078E5009048E5 /* rscode.c */; };
		E891990D1AE078E5009048E5 /* split.c in Sources */ = {isa = PBXBuildFile; fileRef = E89199031AE078E5009048E5 /* split.c */; };
		E891990E1AE078E5009048E5 /* UIImage+MDQRCode.m in Sources */ = {isa = PBXBuildFile; fileRef = E89199061AE078E5009048E5 /* UIImage+MDQRCode.m */; };
/* End PBXBuildFile section */

/* Begin PBXContainerItemProxy section */
		402F64C81AE0540400B6FAC3 /* PBXContainerItemProxy */ = {
			isa = PBXContainerItemProxy;
			containerPortal = 402F64A31AE0540400B6FAC3 /* Project object */;
			proxyType = 1;
			remoteGlobalIDString = 402F64AA1AE0540400B6FAC3;
			remoteInfo = "Smarter Lock";
		};
/* End PBXContainerItemProxy section */

/* Begin PBXFileReference section */
		402F64AB1AE0540400B6FAC3 /* Smarter Lock.app */ = {isa = PBXFileReference; explicitFileType = wrapper.application; includeInIndex = 0; path = "Smarter Lock.app"; sourceTree = BUILT_PRODUCTS_DIR; };
		402F64AF1AE0540400B6FAC3 /* Info.plist */ = {isa = PBXFileReference; lastKnownFileType = text.plist.xml; path = Info.plist; sourceTree = "<group>"; };
		402F64B01AE0540400B6FAC3 /* main.m */ = {isa = PBXFileReference; lastKnownFileType = sourcecode.c.objc; path = main.m; sourceTree = "<group>"; };
		402F64B21AE0540400B6FAC3 /* AppDelegate.h */ = {isa = PBXFileReference; lastKnownFileType = sourcecode.c.h; path = AppDelegate.h; sourceTree = "<group>"; };
		402F64B31AE0540400B6FAC3 /* AppDelegate.m */ = {isa = PBXFileReference; lastKnownFileType = sourcecode.c.objc; path = AppDelegate.m; sourceTree = "<group>"; };
		402F64B51AE0540400B6FAC3 /* FirstViewController.h */ = {isa = PBXFileReference; lastKnownFileType = sourcecode.c.h; path = FirstViewController.h; sourceTree = "<group>"; };
		402F64B61AE0540400B6FAC3 /* FirstViewController.m */ = {isa = PBXFileReference; lastKnownFileType = sourcecode.c.objc; path = FirstViewController.m; sourceTree = "<group>"; };
		402F64B81AE0540400B6FAC3 /* SecondViewController.h */ = {isa = PBXFileReference; lastKnownFileType = sourcecode.c.h; path = SecondViewController.h; sourceTree = "<group>"; };
		402F64B91AE0540400B6FAC3 /* SecondViewController.mm */ = {isa = PBXFileReference; lastKnownFileType = sourcecode.cpp.objcpp; path = SecondViewController.mm; sourceTree = "<group>"; };
		402F64BC1AE0540400B6FAC3 /* Base */ = {isa = PBXFileReference; lastKnownFileType = file.storyboard; name = Base; path = Base.lproj/Main.storyboard; sourceTree = "<group>"; };
		402F64BE1AE0540400B6FAC3 /* Images.xcassets */ = {isa = PBXFileReference; lastKnownFileType = folder.assetcatalog; path = Images.xcassets; sourceTree = "<group>"; };
		402F64C11AE0540400B6FAC3 /* Base */ = {isa = PBXFileReference; lastKnownFileType = file.xib; name = Base; path = Base.lproj/LaunchScreen.xib; sourceTree = "<group>"; };
		402F64C71AE0540400B6FAC3 /* Smarter LockTests.xctest */ = {isa = PBXFileReference; explicitFileType = wrapper.cfbundle; includeInIndex = 0; path = "Smarter LockTests.xctest"; sourceTree = BUILT_PRODUCTS_DIR; };
		402F64CC1AE0540400B6FAC3 /* Info.plist */ = {isa = PBXFileReference; lastKnownFileType = text.plist.xml; path = Info.plist; sourceTree = "<group>"; };
		402F64CD1AE0540400B6FAC3 /* Smarter_LockTests.m */ = {isa = PBXFileReference; lastKnownFileType = sourcecode.c.objc; path = Smarter_LockTests.m; sourceTree = "<group>"; };
		40585B2B1AE86180009D5C51 /* Communicator.h */ = {isa = PBXFileReference; fileEncoding = 4; lastKnownFileType = sourcecode.c.h; path = Communicator.h; sourceTree = "<group>"; };
		40585B2C1AE86180009D5C51 /* Communicator.mm */ = {isa = PBXFileReference; fileEncoding = 4; lastKnownFileType = sourcecode.cpp.objcpp; path = Communicator.mm; sourceTree = "<group>"; };
		40585B381AE87CA0009D5C51 /* CommunicatorTest.mm */ = {isa = PBXFileReference; fileEncoding = 4; lastKnownFileType = sourcecode.cpp.objcpp; path = CommunicatorTest.mm; sourceTree = "<group>"; };
		E82837D61AF1E00E00F22F2F /* MonitorController.h */ = {isa = PBXFileReference; fileEncoding = 4; lastKnownFileType = sourcecode.c.h; name = MonitorController.h; path = "Smarter Lock/MonitorController.h"; sourceTree = "<group>"; };
		E82837D71AF1E00E00F22F2F /* MonitorController.mm */ = {isa = PBXFileReference; fileEncoding = 4; lastKnownFileType = sourcecode.cpp.objcpp; name = MonitorController.mm; path = "Smarter Lock/MonitorController.mm"; sourceTree = "<group>"; };
		E84168CA1AE8A38800BB1897 /* Packet.h */ = {isa = PBXFileReference; explicitFileType = sourcecode.cpp.h; fileEncoding = 4; path = Packet.h; sourceTree = "<group>"; };
		E84168CC1AE8A40700BB1897 /* CommandPacket.cpp */ = {isa = PBXFileReference; fileEncoding = 4; lastKnownFileType = sourcecode.cpp.cpp; path = CommandPacket.cpp; sourceTree = "<group>"; };
		E84168CD1AE8A40700BB1897 /* CommandPacket.h */ = {isa = PBXFileReference; fileEncoding = 4; lastKnownFileType = sourcecode.c.h; path = CommandPacket.h; sourceTree = "<group>"; };
		E84168CF1AE8A64B00BB1897 /* PasscodePacket.cpp */ = {isa = PBXFileReference; fileEncoding = 4; lastKnownFileType = sourcecode.cpp.cpp; path = PasscodePacket.cpp; sourceTree = "<group>"; };
		E84168D01AE8A64B00BB1897 /* PasscodePacket.h */ = {isa = PBXFileReference; fileEncoding = 4; lastKnownFileType = sourcecode.c.h; path = PasscodePacket.h; sourceTree = "<group>"; };
		E84168D51AE8B65E00BB1897 /* PacketAssembler.cpp */ = {isa = PBXFileReference; fileEncoding = 4; lastKnownFileType = sourcecode.cpp.cpp; path = PacketAssembler.cpp; sourceTree = "<group>"; };
		E84168D61AE8B65E00BB1897 /* PacketAssembler.h */ = {isa = PBXFileReference; fileEncoding = 4; lastKnownFileType = sourcecode.c.h; path = PacketAssembler.h; sourceTree = "<group>"; };
		E85EE39C1AF0877400966C1A /* SettingsController.h */ = {isa = PBXFileReference; fileEncoding = 4; lastKnownFileType = sourcecode.c.h; path = SettingsController.h; sourceTree = "<group>"; };
		E85EE39D1AF0877400966C1A /* SettingsController.mm */ = {isa = PBXFileReference; fileEncoding = 4; lastKnownFileType = sourcecode.cpp.objcpp; path = SettingsController.mm; sourceTree = "<group>"; };
		E89198F71AE078E5009048E5 /* bitstream.c */ = {isa = PBXFileReference; fileEncoding = 4; lastKnownFileType = sourcecode.c.c; path = bitstream.c; sourceTree = "<group>"; };
		E89198F81AE078E5009048E5 /* bitstream.h */ = {isa = PBXFileReference; fileEncoding = 4; lastKnownFileType = sourcecode.c.h; path = bitstream.h; sourceTree = "<group>"; };
		E89198F91AE078E5009048E5 /* mask.c */ = {isa = PBXFileReference; fileEncoding = 4; lastKnownFileType = sourcecode.c.c; path = mask.c; sourceTree = "<group>"; };
		E89198FA1AE078E5009048E5 /* mask.h */ = {isa = PBXFileReference; fileEncoding = 4; lastKnownFileType = sourcecode.c.h; path = mask.h; sourceTree = "<group>"; };
		E89198FB1AE078E5009048E5 /* qrencode.c */ = {isa = PBXFileReference; fileEncoding = 4; lastKnownFileType = sourcecode.c.c; path = qrencode.c; sourceTree = "<group>"; };
		E89198FC1AE078E5009048E5 /* qrencode.h */ = {isa = PBXFileReference; fileEncoding = 4; lastKnownFileType = sourcecode.c.h; path = qrencode.h; sourceTree = "<group>"; };
		E89198FD1AE078E5009048E5 /* qrinput.c */ = {isa = PBXFileReference; fileEncoding = 4; lastKnownFileType = sourcecode.c.c; path = qrinput.c; sourceTree = "<group>"; };
		E89198FE1AE078E5009048E5 /* qrinput.h */ = {isa = PBXFileReference; fileEncoding = 4; lastKnownFileType = sourcecode.c.h; path = qrinput.h; sourceTree = "<group>"; };
		E89198FF1AE078E5009048E5 /* qrspec.c */ = {isa = PBXFileReference; fileEncoding = 4; lastKnownFileType = sourcecode.c.c; path = qrspec.c; sourceTree = "<group>"; };
		E89199001AE078E5009048E5 /* qrspec.h */ = {isa = PBXFileReference; fileEncoding = 4; lastKnownFileType = sourcecode.c.h; path = qrspec.h; sourceTree = "<group>"; };
		E89199011AE078E5009048E5 /* rscode.c */ = {isa = PBXFileReference; fileEncoding = 4; lastKnownFileType = sourcecode.c.c; path = rscode.c; sourceTree = "<group>"; };
		E89199021AE078E5009048E5 /* rscode.h */ = {isa = PBXFileReference; fileEncoding = 4; lastKnownFileType = sourcecode.c.h; path = rscode.h; sourceTree = "<group>"; };
		E89199031AE078E5009048E5 /* split.c */ = {isa = PBXFileReference; fileEncoding = 4; lastKnownFileType = sourcecode.c.c; path = split.c; sourceTree = "<group>"; };
		E89199041AE078E5009048E5 /* split.h */ = {isa = PBXFileReference; fileEncoding = 4; lastKnownFileType = sourcecode.c.h; path = split.h; sourceTree = "<group>"; };
		E89199051AE078E5009048E5 /* UIImage+MDQRCode.h */ = {isa = PBXFileReference; fileEncoding = 4; lastKnownFileType = sourcecode.c.h; path = "UIImage+MDQRCode.h"; sourceTree = "<group>"; };
		E89199061AE078E5009048E5 /* UIImage+MDQRCode.m */ = {isa = PBXFileReference; fileEncoding = 4; lastKnownFileType = sourcecode.c.objc; path = "UIImage+MDQRCode.m"; sourceTree = "<group>"; };
/* End PBXFileReference section */

/* Begin PBXFrameworksBuildPhase section */
		402F64A81AE0540400B6FAC3 /* Frameworks */ = {
			isa = PBXFrameworksBuildPhase;
			buildActionMask = 2147483647;
			files = (
			);
			runOnlyForDeploymentPostprocessing = 0;
		};
		402F64C41AE0540400B6FAC3 /* Frameworks */ = {
			isa = PBXFrameworksBuildPhase;
			buildActionMask = 2147483647;
			files = (
			);
			runOnlyForDeploymentPostprocessing = 0;
		};
/* End PBXFrameworksBuildPhase section */

/* Begin PBXGroup section */
		402F64A21AE0540400B6FAC3 = {
			isa = PBXGroup;
			children = (
				E82837D61AF1E00E00F22F2F /* MonitorController.h */,
				E82837D71AF1E00E00F22F2F /* MonitorController.mm */,
				402F64AD1AE0540400B6FAC3 /* Smarter Lock */,
				402F64CA1AE0540400B6FAC3 /* Smarter LockTests */,
				402F64AC1AE0540400B6FAC3 /* Products */,
			);
			sourceTree = "<group>";
		};
		402F64AC1AE0540400B6FAC3 /* Products */ = {
			isa = PBXGroup;
			children = (
				402F64AB1AE0540400B6FAC3 /* Smarter Lock.app */,
				402F64C71AE0540400B6FAC3 /* Smarter LockTests.xctest */,
			);
			name = Products;
			sourceTree = "<group>";
		};
		402F64AD1AE0540400B6FAC3 /* Smarter Lock */ = {
			isa = PBXGroup;
			children = (
				40585B311AE870F1009D5C51 /* Packet */,
				E89198F51AE078E5009048E5 /* QR */,
				402F64B21AE0540400B6FAC3 /* AppDelegate.h */,
				402F64B31AE0540400B6FAC3 /* AppDelegate.m */,
				402F64B51AE0540400B6FAC3 /* FirstViewController.h */,
				402F64B61AE0540400B6FAC3 /* FirstViewController.m */,
				402F64B81AE0540400B6FAC3 /* SecondViewController.h */,
				402F64B91AE0540400B6FAC3 /* SecondViewController.mm */,
				402F64BB1AE0540400B6FAC3 /* Main.storyboard */,
				402F64BE1AE0540400B6FAC3 /* Images.xcassets */,
				402F64C01AE0540400B6FAC3 /* LaunchScreen.xib */,
				402F64AE1AE0540400B6FAC3 /* Supporting Files */,
				40585B2B1AE86180009D5C51 /* Communicator.h */,
				40585B2C1AE86180009D5C51 /* Communicator.mm */,
				E85EE39C1AF0877400966C1A /* SettingsController.h */,
				E85EE39D1AF0877400966C1A /* SettingsController.mm */,
			);
			path = "Smarter Lock";
			sourceTree = "<group>";
		};
		402F64AE1AE0540400B6FAC3 /* Supporting Files */ = {
			isa = PBXGroup;
			children = (
				402F64AF1AE0540400B6FAC3 /* Info.plist */,
				402F64B01AE0540400B6FAC3 /* main.m */,
			);
			name = "Supporting Files";
			sourceTree = "<group>";
		};
		402F64CA1AE0540400B6FAC3 /* Smarter LockTests */ = {
			isa = PBXGroup;
			children = (
				402F64CD1AE0540400B6FAC3 /* Smarter_LockTests.m */,
				402F64CB1AE0540400B6FAC3 /* Supporting Files */,
				40585B381AE87CA0009D5C51 /* CommunicatorTest.mm */,
			);
			path = "Smarter LockTests";
			sourceTree = "<group>";
		};
		402F64CB1AE0540400B6FAC3 /* Supporting Files */ = {
			isa = PBXGroup;
			children = (
				402F64CC1AE0540400B6FAC3 /* Info.plist */,
			);
			name = "Supporting Files";
			sourceTree = "<group>";
		};
		40585B311AE870F1009D5C51 /* Packet */ = {
			isa = PBXGroup;
			children = (
				E84168CA1AE8A38800BB1897 /* Packet.h */,
				E84168CC1AE8A40700BB1897 /* CommandPacket.cpp */,
				E84168CD1AE8A40700BB1897 /* CommandPacket.h */,
				E84168CF1AE8A64B00BB1897 /* PasscodePacket.cpp */,
				E84168D01AE8A64B00BB1897 /* PasscodePacket.h */,
				E84168D51AE8B65E00BB1897 /* PacketAssembler.cpp */,
				E84168D61AE8B65E00BB1897 /* PacketAssembler.h */,
			);
			path = Packet;
			sourceTree = "<group>";
		};
		E89198F51AE078E5009048E5 /* QR */ = {
			isa = PBXGroup;
			children = (
				E89198F61AE078E5009048E5 /* libqrencode */,
				E89199051AE078E5009048E5 /* UIImage+MDQRCode.h */,
				E89199061AE078E5009048E5 /* UIImage+MDQRCode.m */,
			);
			path = QR;
			sourceTree = "<group>";
		};
		E89198F61AE078E5009048E5 /* libqrencode */ = {
			isa = PBXGroup;
			children = (
				E89198F71AE078E5009048E5 /* bitstream.c */,
				E89198F81AE078E5009048E5 /* bitstream.h */,
				E89198F91AE078E5009048E5 /* mask.c */,
				E89198FA1AE078E5009048E5 /* mask.h */,
				E89198FB1AE078E5009048E5 /* qrencode.c */,
				E89198FC1AE078E5009048E5 /* qrencode.h */,
				E89198FD1AE078E5009048E5 /* qrinput.c */,
				E89198FE1AE078E5009048E5 /* qrinput.h */,
				E89198FF1AE078E5009048E5 /* qrspec.c */,
				E89199001AE078E5009048E5 /* qrspec.h */,
				E89199011AE078E5009048E5 /* rscode.c */,
				E89199021AE078E5009048E5 /* rscode.h */,
				E89199031AE078E5009048E5 /* split.c */,
				E89199041AE078E5009048E5 /* split.h */,
			);
			path = libqrencode;
			sourceTree = "<group>";
		};
/* End PBXGroup section */

/* Begin PBXNativeTarget section */
		402F64AA1AE0540400B6FAC3 /* Smarter Lock */ = {
			isa = PBXNativeTarget;
			buildConfigurationList = 402F64D11AE0540400B6FAC3 /* Build configuration list for PBXNativeTarget "Smarter Lock" */;
			buildPhases = (
				402F64A71AE0540400B6FAC3 /* Sources */,
				402F64A81AE0540400B6FAC3 /* Frameworks */,
				402F64A91AE0540400B6FAC3 /* Resources */,
			);
			buildRules = (
			);
			dependencies = (
			);
			name = "Smarter Lock";
			productName = "Smarter Lock";
			productReference = 402F64AB1AE0540400B6FAC3 /* Smarter Lock.app */;
			productType = "com.apple.product-type.application";
		};
		402F64C61AE0540400B6FAC3 /* Smarter LockTests */ = {
			isa = PBXNativeTarget;
			buildConfigurationList = 402F64D41AE0540400B6FAC3 /* Build configuration list for PBXNativeTarget "Smarter LockTests" */;
			buildPhases = (
				402F64C31AE0540400B6FAC3 /* Sources */,
				402F64C41AE0540400B6FAC3 /* Frameworks */,
				402F64C51AE0540400B6FAC3 /* Resources */,
			);
			buildRules = (
			);
			dependencies = (
				402F64C91AE0540400B6FAC3 /* PBXTargetDependency */,
			);
			name = "Smarter LockTests";
			productName = "Smarter LockTests";
			productReference = 402F64C71AE0540400B6FAC3 /* Smarter LockTests.xctest */;
			productType = "com.apple.product-type.bundle.unit-test";
		};
/* End PBXNativeTarget section */

/* Begin PBXProject section */
		402F64A31AE0540400B6FAC3 /* Project object */ = {
			isa = PBXProject;
			attributes = {
				LastUpgradeCheck = 0630;
				ORGANIZATIONNAME = CSE481;
				TargetAttributes = {
					402F64AA1AE0540400B6FAC3 = {
						CreatedOnToolsVersion = 6.3;
						DevelopmentTeam = RLGE6CQ5H4;
					};
					402F64C61AE0540400B6FAC3 = {
						CreatedOnToolsVersion = 6.3;
						TestTargetID = 402F64AA1AE0540400B6FAC3;
					};
				};
			};
			buildConfigurationList = 402F64A61AE0540400B6FAC3 /* Build configuration list for PBXProject "Smarter Lock" */;
			compatibilityVersion = "Xcode 3.2";
			developmentRegion = English;
			hasScannedForEncodings = 0;
			knownRegions = (
				en,
				Base,
			);
			mainGroup = 402F64A21AE0540400B6FAC3;
			productRefGroup = 402F64AC1AE0540400B6FAC3 /* Products */;
			projectDirPath = "";
			projectRoot = "";
			targets = (
				402F64AA1AE0540400B6FAC3 /* Smarter Lock */,
				402F64C61AE0540400B6FAC3 /* Smarter LockTests */,
			);
		};
/* End PBXProject section */

/* Begin PBXResourcesBuildPhase section */
		402F64A91AE0540400B6FAC3 /* Resources */ = {
			isa = PBXResourcesBuildPhase;
			buildActionMask = 2147483647;
			files = (
				402F64BD1AE0540400B6FAC3 /* Main.storyboard in Resources */,
				402F64C21AE0540400B6FAC3 /* LaunchScreen.xib in Resources */,
				402F64BF1AE0540400B6FAC3 /* Images.xcassets in Resources */,
			);
			runOnlyForDeploymentPostprocessing = 0;
		};
		402F64C51AE0540400B6FAC3 /* Resources */ = {
			isa = PBXResourcesBuildPhase;
			buildActionMask = 2147483647;
			files = (
			);
			runOnlyForDeploymentPostprocessing = 0;
		};
/* End PBXResourcesBuildPhase section */

/* Begin PBXSourcesBuildPhase section */
		402F64A71AE0540400B6FAC3 /* Sources */ = {
			isa = PBXSourcesBuildPhase;
			buildActionMask = 2147483647;
			files = (
				E891990E1AE078E5009048E5 /* UIImage+MDQRCode.m in Sources */,
				40585B2D1AE86180009D5C51 /* Communicator.mm in Sources */,
				402F64BA1AE0540400B6FAC3 /* SecondViewController.mm in Sources */,
				E84168D11AE8A64B00BB1897 /* PasscodePacket.cpp in Sources */,
				E85EE39E1AF0877400966C1A /* SettingsController.mm in Sources */,
				E891990B1AE078E5009048E5 /* qrspec.c in Sources */,
				E89199071AE078E5009048E5 /* bitstream.c in Sources */,
				E891990C1AE078E5009048E5 /* rscode.c in Sources */,
				402F64B41AE0540400B6FAC3 /* AppDelegate.m in Sources */,
				E89199081AE078E5009048E5 /* mask.c in Sources */,
				E82837D81AF1E00E00F22F2F /* MonitorController.mm in Sources */,
				E89199091AE078E5009048E5 /* qrencode.c in Sources */,
				E84168D71AE8B65E00BB1897 /* PacketAssembler.cpp in Sources */,
				E84168CE1AE8A40700BB1897 /* CommandPacket.cpp in Sources */,
				E891990A1AE078E5009048E5 /* qrinput.c in Sources */,
				E891990D1AE078E5009048E5 /* split.c in Sources */,
				402F64B71AE0540400B6FAC3 /* FirstViewController.m in Sources */,
				402F64B11AE0540400B6FAC3 /* main.m in Sources */,
			);
			runOnlyForDeploymentPostprocessing = 0;
		};
		402F64C31AE0540400B6FAC3 /* Sources */ = {
			isa = PBXSourcesBuildPhase;
			buildActionMask = 2147483647;
			files = (
				40585B391AE87CA0009D5C51 /* CommunicatorTest.mm in Sources */,
				402F64CE1AE0540400B6FAC3 /* Smarter_LockTests.m in Sources */,
			);
			runOnlyForDeploymentPostprocessing = 0;
		};
/* End PBXSourcesBuildPhase section */

/* Begin PBXTargetDependency section */
		402F64C91AE0540400B6FAC3 /* PBXTargetDependency */ = {
			isa = PBXTargetDependency;
			target = 402F64AA1AE0540400B6FAC3 /* Smarter Lock */;
			targetProxy = 402F64C81AE0540400B6FAC3 /* PBXContainerItemProxy */;
		};
/* End PBXTargetDependency section */

/* Begin PBXVariantGroup section */
		402F64BB1AE0540400B6FAC3 /* Main.storyboard */ = {
			isa = PBXVariantGroup;
			children = (
				402F64BC1AE0540400B6FAC3 /* Base */,
			);
			name = Main.storyboard;
			sourceTree = "<group>";
		};
		402F64C01AE0540400B6FAC3 /* LaunchScreen.xib */ = {
			isa = PBXVariantGroup;
			children = (
				402F64C11AE0540400B6FAC3 /* Base */,
			);
			name = LaunchScreen.xib;
			sourceTree = "<group>";
		};
/* End PBXVariantGroup section */

/* Begin XCBuildConfiguration section */
		402F64CF1AE0540400B6FAC3 /* Debug */ = {
			isa = XCBuildConfiguration;
			buildSettings = {
				ALWAYS_SEARCH_USER_PATHS = NO;
				CLANG_CXX_LANGUAGE_STANDARD = "gnu++0x";
				CLANG_CXX_LIBRARY = "libc++";
				CLANG_ENABLE_MODULES = YES;
				CLANG_ENABLE_OBJC_ARC = YES;
				CLANG_WARN_BOOL_CONVERSION = YES;
				CLANG_WARN_CONSTANT_CONVERSION = YES;
				CLANG_WARN_DIRECT_OBJC_ISA_USAGE = YES_ERROR;
				CLANG_WARN_EMPTY_BODY = YES;
				CLANG_WARN_ENUM_CONVERSION = YES;
				CLANG_WARN_INT_CONVERSION = YES;
				CLANG_WARN_OBJC_ROOT_CLASS = YES_ERROR;
				CLANG_WARN_UNREACHABLE_CODE = YES;
				CLANG_WARN__DUPLICATE_METHOD_MATCH = YES;
				"CODE_SIGN_IDENTITY[sdk=iphoneos*]" = "iPhone Developer";
				COPY_PHASE_STRIP = NO;
				DEBUG_INFORMATION_FORMAT = "dwarf-with-dsym";
				ENABLE_STRICT_OBJC_MSGSEND = YES;
				GCC_C_LANGUAGE_STANDARD = gnu99;
				GCC_DYNAMIC_NO_PIC = NO;
				GCC_NO_COMMON_BLOCKS = YES;
				GCC_OPTIMIZATION_LEVEL = 0;
				GCC_PREPROCESSOR_DEFINITIONS = (
					"DEBUG=1",
					"$(inherited)",
				);
				GCC_SYMBOLS_PRIVATE_EXTERN = NO;
				GCC_WARN_64_TO_32_BIT_CONVERSION = YES;
				GCC_WARN_ABOUT_RETURN_TYPE = YES_ERROR;
				GCC_WARN_UNDECLARED_SELECTOR = YES;
				GCC_WARN_UNINITIALIZED_AUTOS = YES_AGGRESSIVE;
				GCC_WARN_UNUSED_FUNCTION = YES;
				GCC_WARN_UNUSED_VARIABLE = YES;
				IPHONEOS_DEPLOYMENT_TARGET = 8.3;
				MTL_ENABLE_DEBUG_INFO = YES;
				ONLY_ACTIVE_ARCH = YES;
				SDKROOT = iphoneos;
				TARGETED_DEVICE_FAMILY = "1,2";
			};
			name = Debug;
		};
		402F64D01AE0540400B6FAC3 /* Release */ = {
			isa = XCBuildConfiguration;
			buildSettings = {
				ALWAYS_SEARCH_USER_PATHS = NO;
				CLANG_CXX_LANGUAGE_STANDARD = "gnu++0x";
				CLANG_CXX_LIBRARY = "libc++";
				CLANG_ENABLE_MODULES = YES;
				CLANG_ENABLE_OBJC_ARC = YES;
				CLANG_WARN_BOOL_CONVERSION = YES;
				CLANG_WARN_CONSTANT_CONVERSION = YES;
				CLANG_WARN_DIRECT_OBJC_ISA_USAGE = YES_ERROR;
				CLANG_WARN_EMPTY_BODY = YES;
				CLANG_WARN_ENUM_CONVERSION = YES;
				CLANG_WARN_INT_CONVERSION = YES;
				CLANG_WARN_OBJC_ROOT_CLASS = YES_ERROR;
				CLANG_WARN_UNREACHABLE_CODE = YES;
				CLANG_WARN__DUPLICATE_METHOD_MATCH = YES;
				"CODE_SIGN_IDENTITY[sdk=iphoneos*]" = "iPhone Developer";
				COPY_PHASE_STRIP = NO;
				DEBUG_INFORMATION_FORMAT = "dwarf-with-dsym";
				ENABLE_NS_ASSERTIONS = NO;
				ENABLE_STRICT_OBJC_MSGSEND = YES;
				GCC_C_LANGUAGE_STANDARD = gnu99;
				GCC_NO_COMMON_BLOCKS = YES;
				GCC_WARN_64_TO_32_BIT_CONVERSION = YES;
				GCC_WARN_ABOUT_RETURN_TYPE = YES_ERROR;
				GCC_WARN_UNDECLARED_SELECTOR = YES;
				GCC_WARN_UNINITIALIZED_AUTOS = YES_AGGRESSIVE;
				GCC_WARN_UNUSED_FUNCTION = YES;
				GCC_WARN_UNUSED_VARIABLE = YES;
				IPHONEOS_DEPLOYMENT_TARGET = 8.3;
				MTL_ENABLE_DEBUG_INFO = NO;
				SDKROOT = iphoneos;
				TARGETED_DEVICE_FAMILY = "1,2";
				VALIDATE_PRODUCT = YES;
			};
			name = Release;
		};
		402F64D21AE0540400B6FAC3 /* Debug */ = {
			isa = XCBuildConfiguration;
			buildSettings = {
				ASSETCATALOG_COMPILER_APPICON_NAME = AppIcon;
				CODE_SIGN_IDENTITY = "iPhone Developer";
				"CODE_SIGN_IDENTITY[sdk=iphoneos*]" = "iPhone Developer";
				INFOPLIST_FILE = "Smarter Lock/Info.plist";
				LD_RUNPATH_SEARCH_PATHS = "$(inherited) @executable_path/Frameworks";
				PRODUCT_NAME = "$(TARGET_NAME)";
				PROVISIONING_PROFILE = "";
			};
			name = Debug;
		};
		402F64D31AE0540400B6FAC3 /* Release */ = {
			isa = XCBuildConfiguration;
			buildSettings = {
				ASSETCATALOG_COMPILER_APPICON_NAME = AppIcon;
				CODE_SIGN_IDENTITY = "iPhone Developer";
				"CODE_SIGN_IDENTITY[sdk=iphoneos*]" = "iPhone Developer";
				INFOPLIST_FILE = "Smarter Lock/Info.plist";
				LD_RUNPATH_SEARCH_PATHS = "$(inherited) @executable_path/Frameworks";
				PRODUCT_NAME = "$(TARGET_NAME)";
				PROVISIONING_PROFILE = "";
			};
			name = Release;
		};
		402F64D51AE0540400B6FAC3 /* Debug */ = {
			isa = XCBuildConfiguration;
			buildSettings = {
				BUNDLE_LOADER = "$(TEST_HOST)";
				FRAMEWORK_SEARCH_PATHS = (
					"$(SDKROOT)/Developer/Library/Frameworks",
					"$(inherited)",
				);
				GCC_PREPROCESSOR_DEFINITIONS = (
					"DEBUG=1",
					"$(inherited)",
				);
				INFOPLIST_FILE = "Smarter LockTests/Info.plist";
				LD_RUNPATH_SEARCH_PATHS = "$(inherited) @executable_path/Frameworks @loader_path/Frameworks";
				PRODUCT_NAME = "$(TARGET_NAME)";
				TEST_HOST = "$(BUILT_PRODUCTS_DIR)/Smarter Lock.app/Smarter Lock";
			};
			name = Debug;
		};
		402F64D61AE0540400B6FAC3 /* Release */ = {
			isa = XCBuildConfiguration;
			buildSettings = {
				BUNDLE_LOADER = "$(TEST_HOST)";
				FRAMEWORK_SEARCH_PATHS = (
					"$(SDKROOT)/Developer/Library/Frameworks",
					"$(inherited)",
				);
				INFOPLIST_FILE = "Smarter LockTests/Info.plist";
				LD_RUNPATH_SEARCH_PATHS = "$(inherited) @executable_path/Frameworks @loader_path/Frameworks";
				PRODUCT_NAME = "$(TARGET_NAME)";
				TEST_HOST = "$(BUILT_PRODUCTS_DIR)/Smarter Lock.app/Smarter Lock";
			};
			name = Release;
		};
/* End XCBuildConfiguration section */

/* Begin XCConfigurationList section */
		402F64A61AE0540400B6FAC3 /* Build configuration list for PBXProject "Smarter Lock" */ = {
			isa = XCConfigurationList;
			buildConfigurations = (
				402F64CF1AE0540400B6FAC3 /* Debug */,
				402F64D01AE0540400B6FAC3 /* Release */,
			);
			defaultConfigurationIsVisible = 0;
			defaultConfigurationName = Release;
		};
		402F64D11AE0540400B6FAC3 /* Build configuration list for PBXNativeTarget "Smarter Lock" */ = {
			isa = XCConfigurationList;
			buildConfigurations = (
				402F64D21AE0540400B6FAC3 /* Debug */,
				402F64D31AE0540400B6FAC3 /* Release */,
			);
			defaultConfigurationIsVisible = 0;
			defaultConfigurationName = Release;
		};
		402F64D41AE0540400B6FAC3 /* Build configuration list for PBXNativeTarget "Smarter LockTests" */ = {
			isa = XCConfigurationList;
			buildConfigurations = (
				402F64D51AE0540400B6FAC3 /* Debug */,
				402F64D61AE0540400B6FAC3 /* Release */,
			);
			defaultConfigurationIsVisible = 0;
			defaultConfigurationName = Release;
		};
/* End XCConfigurationList section */
	};
	rootObject = 402F64A31AE0540400B6FAC3 /* Project object */;
}
